// !$*UTF8*$!
{
	archiveVersion = 1;
	classes = {
	};
	objectVersion = 51;
	objects = {

/* Begin PBXBuildFile section */
		335010D920EDF8E400F8486B /* Clear.m in Sources */ = {isa = PBXBuildFile; fileRef = 335010D620EDF8E300F8486B /* Clear.m */; };
		335010DA20EDF8E400F8486B /* UIViewController+AlertShow.m in Sources */ = {isa = PBXBuildFile; fileRef = 335010D720EDF8E300F8486B /* UIViewController+AlertShow.m */; };
		335010DD20EDF9AE00F8486B /* zkRequestTool.m in Sources */ = {isa = PBXBuildFile; fileRef = 335010DC20EDF9AE00F8486B /* zkRequestTool.m */; };
		335010E320EDFC9300F8486B /* zkSignleTool.m in Sources */ = {isa = PBXBuildFile; fileRef = 335010E220EDFC9300F8486B /* zkSignleTool.m */; };
		335010EE20EE05C100F8486B /* NSString+Size.m in Sources */ = {isa = PBXBuildFile; fileRef = 335010EA20EE05C000F8486B /* NSString+Size.m */; };
		335010EF20EE05C100F8486B /* UIButton+Badge.m in Sources */ = {isa = PBXBuildFile; fileRef = 335010EB20EE05C000F8486B /* UIButton+Badge.m */; };
		337F3E5B20E9FE3B00C5526A /* AppDelegate.m in Sources */ = {isa = PBXBuildFile; fileRef = 337F3E5A20E9FE3B00C5526A /* AppDelegate.m */; };
		337F3E5E20E9FE3C00C5526A /* ViewController.m in Sources */ = {isa = PBXBuildFile; fileRef = 337F3E5D20E9FE3C00C5526A /* ViewController.m */; };
		337F3E6120E9FE3C00C5526A /* Main.storyboard in Resources */ = {isa = PBXBuildFile; fileRef = 337F3E5F20E9FE3C00C5526A /* Main.storyboard */; };
		337F3E6320E9FE5300C5526A /* Assets.xcassets in Resources */ = {isa = PBXBuildFile; fileRef = 337F3E6220E9FE5300C5526A /* Assets.xcassets */; };
		337F3E6620E9FE5300C5526A /* LaunchScreen.storyboard in Resources */ = {isa = PBXBuildFile; fileRef = 337F3E6420E9FE5300C5526A /* LaunchScreen.storyboard */; };
		337F3E6920E9FE5300C5526A /* main.m in Sources */ = {isa = PBXBuildFile; fileRef = 337F3E6820E9FE5300C5526A /* main.m */; };
		337F3E7320E9FE5400C5526A /* SWTZBMHTests.m in Sources */ = {isa = PBXBuildFile; fileRef = 337F3E7220E9FE5400C5526A /* SWTZBMHTests.m */; };
		337F3E7E20E9FE5400C5526A /* SWTZBMHUITests.m in Sources */ = {isa = PBXBuildFile; fileRef = 337F3E7D20E9FE5400C5526A /* SWTZBMHUITests.m */; };
		337F3EA920EA014600C5526A /* BaseCollectionViewController.m in Sources */ = {isa = PBXBuildFile; fileRef = 337F3E9B20EA014500C5526A /* BaseCollectionViewController.m */; };
		337F3EAA20EA014600C5526A /* BaseViewController.m in Sources */ = {isa = PBXBuildFile; fileRef = 337F3E9D20EA014500C5526A /* BaseViewController.m */; };
		337F3EAB20EA014600C5526A /* BaseNavigationController.m in Sources */ = {isa = PBXBuildFile; fileRef = 337F3E9E20EA014500C5526A /* BaseNavigationController.m */; };
		337F3EAC20EA014600C5526A /* BaseTableViewController.m in Sources */ = {isa = PBXBuildFile; fileRef = 337F3E9F20EA014500C5526A /* BaseTableViewController.m */; };
		337F3EAD20EA014600C5526A /* BaseTableViewHeaderFooterView.m in Sources */ = {isa = PBXBuildFile; fileRef = 337F3EA320EA014600C5526A /* BaseTableViewHeaderFooterView.m */; };
		337F3EAE20EA014600C5526A /* BaseCollectionReusableView.m in Sources */ = {isa = PBXBuildFile; fileRef = 337F3EA420EA014600C5526A /* BaseCollectionReusableView.m */; };
		337F3EAF20EA014600C5526A /* BaseViewController+PublicMethod.m in Sources */ = {isa = PBXBuildFile; fileRef = 337F3EA720EA014600C5526A /* BaseViewController+PublicMethod.m */; };
		337F3EB020EA014600C5526A /* noneDataBg.png in Resources */ = {isa = PBXBuildFile; fileRef = 337F3EA820EA014600C5526A /* noneDataBg.png */; };
		337F3EB420EA040400C5526A /* UIView+BSExtension.m in Sources */ = {isa = PBXBuildFile; fileRef = 337F3EB320EA040400C5526A /* UIView+BSExtension.m */; };
		337F3EB920EA050000C5526A /* Podfile in Resources */ = {isa = PBXBuildFile; fileRef = 337F3EB820EA050000C5526A /* Podfile */; };
		337F3EBE20EA136800C5526A /* CoreFoundation.framework in Frameworks */ = {isa = PBXBuildFile; fileRef = 337F3EBD20EA136800C5526A /* CoreFoundation.framework */; };
		33DC821D20EA17E900D1C283 /* UserNotifications.framework in Frameworks */ = {isa = PBXBuildFile; fileRef = 33DC821C20EA17E900D1C283 /* UserNotifications.framework */; };
		33DC822120EA180100D1C283 /* libz.1.1.3.tbd in Frameworks */ = {isa = PBXBuildFile; fileRef = 33DC822020EA180100D1C283 /* libz.1.1.3.tbd */; };
		33DC822320EA180B00D1C283 /* SystemConfiguration.framework in Frameworks */ = {isa = PBXBuildFile; fileRef = 33DC822220EA180B00D1C283 /* SystemConfiguration.framework */; };
		33DC822520EA181900D1C283 /* CoreGraphics.framework in Frameworks */ = {isa = PBXBuildFile; fileRef = 33DC822420EA181900D1C283 /* CoreGraphics.framework */; };
		33DC822720EA182500D1C283 /* CoreMotion.framework in Frameworks */ = {isa = PBXBuildFile; fileRef = 33DC822620EA182500D1C283 /* CoreMotion.framework */; };
		33DC822920EA1BEC00D1C283 /* libsqlite3.0.tbd in Frameworks */ = {isa = PBXBuildFile; fileRef = 33DC822820EA1BEC00D1C283 /* libsqlite3.0.tbd */; };
		33DC822B20EA1C4600D1C283 /* Foundation.framework in Frameworks */ = {isa = PBXBuildFile; fileRef = 33DC822A20EA1C4600D1C283 /* Foundation.framework */; };
		33DC822E20EA1CA700D1C283 /* libc++.1.tbd in Frameworks */ = {isa = PBXBuildFile; fileRef = 33DC821E20EA17F700D1C283 /* libc++.1.tbd */; };
		33DC823320EA20D700D1C283 /* TabBarController.m in Sources */ = {isa = PBXBuildFile; fileRef = 33DC823020EA20D600D1C283 /* TabBarController.m */; };
		33DC823420EA20D700D1C283 /* LYGuideViewController.m in Sources */ = {isa = PBXBuildFile; fileRef = 33DC823220EA20D700D1C283 /* LYGuideViewController.m */; };
		33DC824920EA220400D1C283 /* MineVC.m in Sources */ = {isa = PBXBuildFile; fileRef = 33DC824820EA220400D1C283 /* MineVC.m */; };
		33DC824F20EA224F00D1C283 /* HangQingVC.m in Sources */ = {isa = PBXBuildFile; fileRef = 33DC824E20EA224F00D1C283 /* HangQingVC.m */; };
		33DC825520EA245E00D1C283 /* HomeVC.m in Sources */ = {isa = PBXBuildFile; fileRef = 33DC825320EA245E00D1C283 /* HomeVC.m */; };
		666A188C24BB52A50056AC1D /* UIViewController+ChangeUI.m in Sources */ = {isa = PBXBuildFile; fileRef = 666A188A24BB52A50056AC1D /* UIViewController+ChangeUI.m */; };
		666A188F24BB52CE0056AC1D /* XPCollectionViewWaterfallFlowLayout.m in Sources */ = {isa = PBXBuildFile; fileRef = 666A188E24BB52CE0056AC1D /* XPCollectionViewWaterfallFlowLayout.m */; };
		666A18B524BB52F30056AC1D /* MXImageListController.m in Sources */ = {isa = PBXBuildFile; fileRef = 666A189424BB52F30056AC1D /* MXImageListController.m */; };
		666A18B624BB52F30056AC1D /* mx_pic_selected_yes@2x.png in Resources */ = {isa = PBXBuildFile; fileRef = 666A189524BB52F30056AC1D /* mx_pic_selected_yes@2x.png */; };
		666A18B724BB52F30056AC1D /* MXImagePreviewCell.m in Sources */ = {isa = PBXBuildFile; fileRef = 666A189624BB52F30056AC1D /* MXImagePreviewCell.m */; };
		666A18B824BB52F30056AC1D /* UIViewController+MXPhotoPicker.m in Sources */ = {isa = PBXBuildFile; fileRef = 666A189724BB52F30056AC1D /* UIViewController+MXPhotoPicker.m */; };
		666A18B924BB52F30056AC1D /* mx_picker_back_image@2x.png in Resources */ = {isa = PBXBuildFile; fileRef = 666A189824BB52F30056AC1D /* mx_picker_back_image@2x.png */; };
		666A18BA24BB52F30056AC1D /* MXImagePreviewController.m in Sources */ = {isa = PBXBuildFile; fileRef = 666A189A24BB52F30056AC1D /* MXImagePreviewController.m */; };
		666A18BB24BB52F30056AC1D /* MXALAsset.m in Sources */ = {isa = PBXBuildFile; fileRef = 666A189C24BB52F30056AC1D /* MXALAsset.m */; };
		666A18BC24BB52F30056AC1D /* MXImageEditController.m in Sources */ = {isa = PBXBuildFile; fileRef = 666A189D24BB52F30056AC1D /* MXImageEditController.m */; };
		666A18BD24BB52F30056AC1D /* mx_pic_selected_no@2x.png in Resources */ = {isa = PBXBuildFile; fileRef = 666A189E24BB52F30056AC1D /* mx_pic_selected_no@2x.png */; };
		666A18BE24BB52F30056AC1D /* MXPhotoPickerController.m in Sources */ = {isa = PBXBuildFile; fileRef = 666A189F24BB52F30056AC1D /* MXPhotoPickerController.m */; };
		666A18BF24BB52F30056AC1D /* MXImageGroupController.m in Sources */ = {isa = PBXBuildFile; fileRef = 666A18A324BB52F30056AC1D /* MXImageGroupController.m */; };
		666A18C024BB52F30056AC1D /* zkLunBoCell.m in Sources */ = {isa = PBXBuildFile; fileRef = 666A18A624BB52F30056AC1D /* zkLunBoCell.m */; };
		666A18C124BB52F30056AC1D /* zkLunBoTwoCell.m in Sources */ = {isa = PBXBuildFile; fileRef = 666A18A724BB52F30056AC1D /* zkLunBoTwoCell.m */; };
		666A18C224BB52F30056AC1D /* TYPageControl.m in Sources */ = {isa = PBXBuildFile; fileRef = 666A18AC24BB52F30056AC1D /* TYPageControl.m */; };
		666A18C324BB52F30056AC1D /* TYCyclePagerView.m in Sources */ = {isa = PBXBuildFile; fileRef = 666A18AD24BB52F30056AC1D /* TYCyclePagerView.m */; };
		666A18C424BB52F30056AC1D /* TYCyclePagerTransformLayout.m in Sources */ = {isa = PBXBuildFile; fileRef = 666A18AE24BB52F30056AC1D /* TYCyclePagerTransformLayout.m */; };
		666A18C524BB52F30056AC1D /* zkPhotoShowVC.m in Sources */ = {isa = PBXBuildFile; fileRef = 666A18B124BB52F30056AC1D /* zkPhotoShowVC.m */; };
		666A18C624BB52F30056AC1D /* zkPhotoShowCell.m in Sources */ = {isa = PBXBuildFile; fileRef = 666A18B224BB52F30056AC1D /* zkPhotoShowCell.m */; };
		666A18D224BB53370056AC1D /* SWTNavitageView.m in Sources */ = {isa = PBXBuildFile; fileRef = 666A18C824BB53360056AC1D /* SWTNavitageView.m */; };
		666A18D324BB53370056AC1D /* SWTCateButton.m in Sources */ = {isa = PBXBuildFile; fileRef = 666A18C924BB53360056AC1D /* SWTCateButton.m */; };
		666A18D424BB53370056AC1D /* ALCSearchView.m in Sources */ = {isa = PBXBuildFile; fileRef = 666A18CE24BB53370056AC1D /* ALCSearchView.m */; };
		666A18D524BB53370056AC1D /* SWTBottomBt.m in Sources */ = {isa = PBXBuildFile; fileRef = 666A18CF24BB53370056AC1D /* SWTBottomBt.m */; };
		666A18D624BB53370056AC1D /* SWTCateSearchView.m in Sources */ = {isa = PBXBuildFile; fileRef = 666A18D124BB53370056AC1D /* SWTCateSearchView.m */; };
		66710F8C24D851F100AA8F4C /* SWTShopSettingTVC.m in Sources */ = {isa = PBXBuildFile; fileRef = 66710F8B24D851F100AA8F4C /* SWTShopSettingTVC.m */; };
		66710F9024D8521800AA8F4C /* SWTMineShopSettingCell.m in Sources */ = {isa = PBXBuildFile; fileRef = 66710F8E24D8521800AA8F4C /* SWTMineShopSettingCell.m */; };
		66710F9124D8521800AA8F4C /* SWTMineShopSettingCell.xib in Resources */ = {isa = PBXBuildFile; fileRef = 66710F8F24D8521800AA8F4C /* SWTMineShopSettingCell.xib */; };
		66710F9424D8533A00AA8F4C /* GuanZhuVC.m in Sources */ = {isa = PBXBuildFile; fileRef = 66710F9224D8533A00AA8F4C /* GuanZhuVC.m */; };
		66710F9824D8536500AA8F4C /* SWTMineFaBuOneCell.m in Sources */ = {isa = PBXBuildFile; fileRef = 66710F9624D8536500AA8F4C /* SWTMineFaBuOneCell.m */; };
		66710F9924D8536500AA8F4C /* SWTMineFaBuOneCell.xib in Resources */ = {isa = PBXBuildFile; fileRef = 66710F9724D8536500AA8F4C /* SWTMineFaBuOneCell.xib */; };
		66710F9C24D8564500AA8F4C /* SWTMineShopSettingSectionV.m in Sources */ = {isa = PBXBuildFile; fileRef = 66710F9B24D8564500AA8F4C /* SWTMineShopSettingSectionV.m */; };
		6694A57524D70D050087E9E7 /* SWTMJMineOneCell.m in Sources */ = {isa = PBXBuildFile; fileRef = 6694A57324D70D050087E9E7 /* SWTMJMineOneCell.m */; };
		6694A57624D70D050087E9E7 /* SWTMJMineOneCell.xib in Resources */ = {isa = PBXBuildFile; fileRef = 6694A57424D70D050087E9E7 /* SWTMJMineOneCell.xib */; };
		6694A57924D711430087E9E7 /* SWTMineTwoCell.m in Sources */ = {isa = PBXBuildFile; fileRef = 6694A57824D711430087E9E7 /* SWTMineTwoCell.m */; };
		6694A57C24D7116B0087E9E7 /* SWTMineHomeButton.m in Sources */ = {isa = PBXBuildFile; fileRef = 6694A57A24D7116B0087E9E7 /* SWTMineHomeButton.m */; };
		6694A58024D713CC0087E9E7 /* SWTMineThreeCell.m in Sources */ = {isa = PBXBuildFile; fileRef = 6694A57E24D713CC0087E9E7 /* SWTMineThreeCell.m */; };
		6694A58124D713CC0087E9E7 /* SWTMineThreeCell.xib in Resources */ = {isa = PBXBuildFile; fileRef = 6694A57F24D713CC0087E9E7 /* SWTMineThreeCell.xib */; };
		66C8F7AB24AB1E85008C7A3A /* noneNet@3x.png in Resources */ = {isa = PBXBuildFile; fileRef = 66C8F7A524AB1E84008C7A3A /* noneNet@3x.png */; };
		66C8F7AC24AB1E85008C7A3A /* LTSCNoneView.m in Sources */ = {isa = PBXBuildFile; fileRef = 66C8F7A624AB1E84008C7A3A /* LTSCNoneView.m */; };
		66C8F7AD24AB1E85008C7A3A /* noneNet@2x.png in Resources */ = {isa = PBXBuildFile; fileRef = 66C8F7A724AB1E84008C7A3A /* noneNet@2x.png */; };
		66C8F7AE24AB1E85008C7A3A /* LTSCEventBus.m in Sources */ = {isa = PBXBuildFile; fileRef = 66C8F7AA24AB1E85008C7A3A /* LTSCEventBus.m */; };
		AE1A7CF29DF9D6E7166E507C /* libPods-SWTZBMH.a in Frameworks */ = {isa = PBXBuildFile; fileRef = D3E49E1E01514DB2F4C7786C /* libPods-SWTZBMH.a */; };
/* End PBXBuildFile section */

/* Begin PBXContainerItemProxy section */
		337F3E6F20E9FE5400C5526A /* PBXContainerItemProxy */ = {
			isa = PBXContainerItemProxy;
			containerPortal = 337F3E4E20E9FE3B00C5526A /* Project object */;
			proxyType = 1;
			remoteGlobalIDString = 337F3E5520E9FE3B00C5526A;
			remoteInfo = SWTZBMH;
		};
		337F3E7A20E9FE5400C5526A /* PBXContainerItemProxy */ = {
			isa = PBXContainerItemProxy;
			containerPortal = 337F3E4E20E9FE3B00C5526A /* Project object */;
			proxyType = 1;
			remoteGlobalIDString = 337F3E5520E9FE3B00C5526A;
			remoteInfo = SWTZBMH;
		};
/* End PBXContainerItemProxy section */

/* Begin PBXFileReference section */
		335010D520EDF8E200F8486B /* Clear.h */ = {isa = PBXFileReference; fileEncoding = 4; lastKnownFileType = sourcecode.c.h; path = Clear.h; sourceTree = "<group>"; };
		335010D620EDF8E300F8486B /* Clear.m */ = {isa = PBXFileReference; fileEncoding = 4; lastKnownFileType = sourcecode.c.objc; path = Clear.m; sourceTree = "<group>"; };
		335010D720EDF8E300F8486B /* UIViewController+AlertShow.m */ = {isa = PBXFileReference; fileEncoding = 4; lastKnownFileType = sourcecode.c.objc; path = "UIViewController+AlertShow.m"; sourceTree = "<group>"; };
		335010D820EDF8E400F8486B /* UIViewController+AlertShow.h */ = {isa = PBXFileReference; fileEncoding = 4; lastKnownFileType = sourcecode.c.h; path = "UIViewController+AlertShow.h"; sourceTree = "<group>"; };
		335010DB20EDF9AE00F8486B /* zkRequestTool.h */ = {isa = PBXFileReference; lastKnownFileType = sourcecode.c.h; path = zkRequestTool.h; sourceTree = "<group>"; };
		335010DC20EDF9AE00F8486B /* zkRequestTool.m */ = {isa = PBXFileReference; lastKnownFileType = sourcecode.c.objc; path = zkRequestTool.m; sourceTree = "<group>"; };
		335010E120EDFC9300F8486B /* zkSignleTool.h */ = {isa = PBXFileReference; lastKnownFileType = sourcecode.c.h; path = zkSignleTool.h; sourceTree = "<group>"; };
		335010E220EDFC9300F8486B /* zkSignleTool.m */ = {isa = PBXFileReference; lastKnownFileType = sourcecode.c.objc; path = zkSignleTool.m; sourceTree = "<group>"; };
		335010EA20EE05C000F8486B /* NSString+Size.m */ = {isa = PBXFileReference; fileEncoding = 4; lastKnownFileType = sourcecode.c.objc; path = "NSString+Size.m"; sourceTree = "<group>"; };
		335010EB20EE05C000F8486B /* UIButton+Badge.m */ = {isa = PBXFileReference; fileEncoding = 4; lastKnownFileType = sourcecode.c.objc; path = "UIButton+Badge.m"; sourceTree = "<group>"; };
		335010EC20EE05C100F8486B /* UIButton+Badge.h */ = {isa = PBXFileReference; fileEncoding = 4; lastKnownFileType = sourcecode.c.h; path = "UIButton+Badge.h"; sourceTree = "<group>"; };
		335010ED20EE05C100F8486B /* NSString+Size.h */ = {isa = PBXFileReference; fileEncoding = 4; lastKnownFileType = sourcecode.c.h; path = "NSString+Size.h"; sourceTree = "<group>"; };
		337F3E5620E9FE3B00C5526A /* SWTZBMH.app */ = {isa = PBXFileReference; explicitFileType = wrapper.application; includeInIndex = 0; path = SWTZBMH.app; sourceTree = BUILT_PRODUCTS_DIR; };
		337F3E5920E9FE3B00C5526A /* AppDelegate.h */ = {isa = PBXFileReference; lastKnownFileType = sourcecode.c.h; path = AppDelegate.h; sourceTree = "<group>"; };
		337F3E5A20E9FE3B00C5526A /* AppDelegate.m */ = {isa = PBXFileReference; lastKnownFileType = sourcecode.c.objc; path = AppDelegate.m; sourceTree = "<group>"; };
		337F3E5C20E9FE3C00C5526A /* ViewController.h */ = {isa = PBXFileReference; lastKnownFileType = sourcecode.c.h; path = ViewController.h; sourceTree = "<group>"; };
		337F3E5D20E9FE3C00C5526A /* ViewController.m */ = {isa = PBXFileReference; lastKnownFileType = sourcecode.c.objc; path = ViewController.m; sourceTree = "<group>"; };
		337F3E6020E9FE3C00C5526A /* Base */ = {isa = PBXFileReference; lastKnownFileType = file.storyboard; name = Base; path = Base.lproj/Main.storyboard; sourceTree = "<group>"; };
		337F3E6220E9FE5300C5526A /* Assets.xcassets */ = {isa = PBXFileReference; lastKnownFileType = folder.assetcatalog; path = Assets.xcassets; sourceTree = "<group>"; };
		337F3E6520E9FE5300C5526A /* Base */ = {isa = PBXFileReference; lastKnownFileType = file.storyboard; name = Base; path = Base.lproj/LaunchScreen.storyboard; sourceTree = "<group>"; };
		337F3E6720E9FE5300C5526A /* Info.plist */ = {isa = PBXFileReference; lastKnownFileType = text.plist.xml; path = Info.plist; sourceTree = "<group>"; };
		337F3E6820E9FE5300C5526A /* main.m */ = {isa = PBXFileReference; lastKnownFileType = sourcecode.c.objc; path = main.m; sourceTree = "<group>"; };
		337F3E6E20E9FE5400C5526A /* SWTZBMHTests.xctest */ = {isa = PBXFileReference; explicitFileType = wrapper.cfbundle; includeInIndex = 0; path = SWTZBMHTests.xctest; sourceTree = BUILT_PRODUCTS_DIR; };
		337F3E7220E9FE5400C5526A /* SWTZBMHTests.m */ = {isa = PBXFileReference; lastKnownFileType = sourcecode.c.objc; path = SWTZBMHTests.m; sourceTree = "<group>"; };
		337F3E7420E9FE5400C5526A /* Info.plist */ = {isa = PBXFileReference; lastKnownFileType = text.plist.xml; path = Info.plist; sourceTree = "<group>"; };
		337F3E7920E9FE5400C5526A /* SWTZBMHUITests.xctest */ = {isa = PBXFileReference; explicitFileType = wrapper.cfbundle; includeInIndex = 0; path = SWTZBMHUITests.xctest; sourceTree = BUILT_PRODUCTS_DIR; };
		337F3E7D20E9FE5400C5526A /* SWTZBMHUITests.m */ = {isa = PBXFileReference; lastKnownFileType = sourcecode.c.objc; path = SWTZBMHUITests.m; sourceTree = "<group>"; };
		337F3E7F20E9FE5400C5526A /* Info.plist */ = {isa = PBXFileReference; lastKnownFileType = text.plist.xml; path = Info.plist; sourceTree = "<group>"; };
		337F3E9A20EA014500C5526A /* BaseViewController.h */ = {isa = PBXFileReference; fileEncoding = 4; lastKnownFileType = sourcecode.c.h; path = BaseViewController.h; sourceTree = "<group>"; };
		337F3E9B20EA014500C5526A /* BaseCollectionViewController.m */ = {isa = PBXFileReference; fileEncoding = 4; lastKnownFileType = sourcecode.c.objc; path = BaseCollectionViewController.m; sourceTree = "<group>"; };
		337F3E9C20EA014500C5526A /* BaseNavigationController.h */ = {isa = PBXFileReference; fileEncoding = 4; lastKnownFileType = sourcecode.c.h; path = BaseNavigationController.h; sourceTree = "<group>"; };
		337F3E9D20EA014500C5526A /* BaseViewController.m */ = {isa = PBXFileReference; fileEncoding = 4; lastKnownFileType = sourcecode.c.objc; path = BaseViewController.m; sourceTree = "<group>"; };
		337F3E9E20EA014500C5526A /* BaseNavigationController.m */ = {isa = PBXFileReference; fileEncoding = 4; lastKnownFileType = sourcecode.c.objc; path = BaseNavigationController.m; sourceTree = "<group>"; };
		337F3E9F20EA014500C5526A /* BaseTableViewController.m */ = {isa = PBXFileReference; fileEncoding = 4; lastKnownFileType = sourcecode.c.objc; path = BaseTableViewController.m; sourceTree = "<group>"; };
		337F3EA020EA014500C5526A /* BaseCollectionReusableView.h */ = {isa = PBXFileReference; fileEncoding = 4; lastKnownFileType = sourcecode.c.h; path = BaseCollectionReusableView.h; sourceTree = "<group>"; };
		337F3EA120EA014500C5526A /* BaseTableViewHeaderFooterView.h */ = {isa = PBXFileReference; fileEncoding = 4; lastKnownFileType = sourcecode.c.h; path = BaseTableViewHeaderFooterView.h; sourceTree = "<group>"; };
		337F3EA220EA014500C5526A /* BaseTableViewController.h */ = {isa = PBXFileReference; fileEncoding = 4; lastKnownFileType = sourcecode.c.h; path = BaseTableViewController.h; sourceTree = "<group>"; };
		337F3EA320EA014600C5526A /* BaseTableViewHeaderFooterView.m */ = {isa = PBXFileReference; fileEncoding = 4; lastKnownFileType = sourcecode.c.objc; path = BaseTableViewHeaderFooterView.m; sourceTree = "<group>"; };
		337F3EA420EA014600C5526A /* BaseCollectionReusableView.m */ = {isa = PBXFileReference; fileEncoding = 4; lastKnownFileType = sourcecode.c.objc; path = BaseCollectionReusableView.m; sourceTree = "<group>"; };
		337F3EA520EA014600C5526A /* BaseViewController+PublicMethod.h */ = {isa = PBXFileReference; fileEncoding = 4; lastKnownFileType = sourcecode.c.h; path = "BaseViewController+PublicMethod.h"; sourceTree = "<group>"; };
		337F3EA620EA014600C5526A /* BaseCollectionViewController.h */ = {isa = PBXFileReference; fileEncoding = 4; lastKnownFileType = sourcecode.c.h; path = BaseCollectionViewController.h; sourceTree = "<group>"; };
		337F3EA720EA014600C5526A /* BaseViewController+PublicMethod.m */ = {isa = PBXFileReference; fileEncoding = 4; lastKnownFileType = sourcecode.c.objc; path = "BaseViewController+PublicMethod.m"; sourceTree = "<group>"; };
		337F3EA820EA014600C5526A /* noneDataBg.png */ = {isa = PBXFileReference; lastKnownFileType = image.png; path = noneDataBg.png; sourceTree = "<group>"; };
		337F3EB220EA040400C5526A /* UIView+BSExtension.h */ = {isa = PBXFileReference; fileEncoding = 4; lastKnownFileType = sourcecode.c.h; path = "UIView+BSExtension.h"; sourceTree = "<group>"; };
		337F3EB320EA040400C5526A /* UIView+BSExtension.m */ = {isa = PBXFileReference; fileEncoding = 4; lastKnownFileType = sourcecode.c.objc; path = "UIView+BSExtension.m"; sourceTree = "<group>"; };
		337F3EB820EA050000C5526A /* Podfile */ = {isa = PBXFileReference; lastKnownFileType = text; path = Podfile; sourceTree = "<group>"; xcLanguageSpecificationIdentifier = xcode.lang.ruby; };
		337F3EBA20EA057600C5526A /* Header.pch */ = {isa = PBXFileReference; fileEncoding = 4; lastKnownFileType = sourcecode.c.h; path = Header.pch; sourceTree = "<group>"; };
		337F3EBB20EA134C00C5526A /* UIKit.framework */ = {isa = PBXFileReference; lastKnownFileType = wrapper.framework; name = UIKit.framework; path = System/Library/Frameworks/UIKit.framework; sourceTree = SDKROOT; };
		337F3EBD20EA136800C5526A /* CoreFoundation.framework */ = {isa = PBXFileReference; lastKnownFileType = wrapper.framework; name = CoreFoundation.framework; path = System/Library/Frameworks/CoreFoundation.framework; sourceTree = SDKROOT; };
		33DC821A20EA17D700D1C283 /* WebKit.framework */ = {isa = PBXFileReference; lastKnownFileType = wrapper.framework; name = WebKit.framework; path = System/Library/Frameworks/WebKit.framework; sourceTree = SDKROOT; };
		33DC821C20EA17E900D1C283 /* UserNotifications.framework */ = {isa = PBXFileReference; lastKnownFileType = wrapper.framework; name = UserNotifications.framework; path = System/Library/Frameworks/UserNotifications.framework; sourceTree = SDKROOT; };
		33DC821E20EA17F700D1C283 /* libc++.1.tbd */ = {isa = PBXFileReference; lastKnownFileType = "sourcecode.text-based-dylib-definition"; name = "libc++.1.tbd"; path = "usr/lib/libc++.1.tbd"; sourceTree = SDKROOT; };
		33DC822020EA180100D1C283 /* libz.1.1.3.tbd */ = {isa = PBXFileReference; lastKnownFileType = "sourcecode.text-based-dylib-definition"; name = libz.1.1.3.tbd; path = usr/lib/libz.1.1.3.tbd; sourceTree = SDKROOT; };
		33DC822220EA180B00D1C283 /* SystemConfiguration.framework */ = {isa = PBXFileReference; lastKnownFileType = wrapper.framework; name = SystemConfiguration.framework; path = System/Library/Frameworks/SystemConfiguration.framework; sourceTree = SDKROOT; };
		33DC822420EA181900D1C283 /* CoreGraphics.framework */ = {isa = PBXFileReference; lastKnownFileType = wrapper.framework; name = CoreGraphics.framework; path = System/Library/Frameworks/CoreGraphics.framework; sourceTree = SDKROOT; };
		33DC822620EA182500D1C283 /* CoreMotion.framework */ = {isa = PBXFileReference; lastKnownFileType = wrapper.framework; name = CoreMotion.framework; path = System/Library/Frameworks/CoreMotion.framework; sourceTree = SDKROOT; };
		33DC822820EA1BEC00D1C283 /* libsqlite3.0.tbd */ = {isa = PBXFileReference; lastKnownFileType = "sourcecode.text-based-dylib-definition"; name = libsqlite3.0.tbd; path = usr/lib/libsqlite3.0.tbd; sourceTree = SDKROOT; };
		33DC822A20EA1C4600D1C283 /* Foundation.framework */ = {isa = PBXFileReference; lastKnownFileType = wrapper.framework; name = Foundation.framework; path = System/Library/Frameworks/Foundation.framework; sourceTree = SDKROOT; };
		33DC822C20EA1C9D00D1C283 /* libstdc++.6.0.9.tbd */ = {isa = PBXFileReference; lastKnownFileType = "sourcecode.text-based-dylib-definition"; name = "libstdc++.6.0.9.tbd"; path = "usr/lib/libstdc++.6.0.9.tbd"; sourceTree = SDKROOT; };
		33DC822F20EA20D600D1C283 /* LYGuideViewController.h */ = {isa = PBXFileReference; fileEncoding = 4; lastKnownFileType = sourcecode.c.h; path = LYGuideViewController.h; sourceTree = "<group>"; };
		33DC823020EA20D600D1C283 /* TabBarController.m */ = {isa = PBXFileReference; fileEncoding = 4; lastKnownFileType = sourcecode.c.objc; path = TabBarController.m; sourceTree = "<group>"; };
		33DC823120EA20D600D1C283 /* TabBarController.h */ = {isa = PBXFileReference; fileEncoding = 4; lastKnownFileType = sourcecode.c.h; path = TabBarController.h; sourceTree = "<group>"; };
		33DC823220EA20D700D1C283 /* LYGuideViewController.m */ = {isa = PBXFileReference; fileEncoding = 4; lastKnownFileType = sourcecode.c.objc; path = LYGuideViewController.m; sourceTree = "<group>"; };
		33DC824720EA220400D1C283 /* MineVC.h */ = {isa = PBXFileReference; lastKnownFileType = sourcecode.c.h; path = MineVC.h; sourceTree = "<group>"; };
		33DC824820EA220400D1C283 /* MineVC.m */ = {isa = PBXFileReference; lastKnownFileType = sourcecode.c.objc; path = MineVC.m; sourceTree = "<group>"; };
		33DC824D20EA224F00D1C283 /* HangQingVC.h */ = {isa = PBXFileReference; lastKnownFileType = sourcecode.c.h; path = HangQingVC.h; sourceTree = "<group>"; };
		33DC824E20EA224F00D1C283 /* HangQingVC.m */ = {isa = PBXFileReference; lastKnownFileType = sourcecode.c.objc; path = HangQingVC.m; sourceTree = "<group>"; };
		33DC825320EA245E00D1C283 /* HomeVC.m */ = {isa = PBXFileReference; fileEncoding = 4; lastKnownFileType = sourcecode.c.objc; path = HomeVC.m; sourceTree = "<group>"; };
		33DC825420EA245E00D1C283 /* HomeVC.h */ = {isa = PBXFileReference; fileEncoding = 4; lastKnownFileType = sourcecode.c.h; path = HomeVC.h; sourceTree = "<group>"; };
		666A188A24BB52A50056AC1D /* UIViewController+ChangeUI.m */ = {isa = PBXFileReference; fileEncoding = 4; lastKnownFileType = sourcecode.c.objc; path = "UIViewController+ChangeUI.m"; sourceTree = "<group>"; };
		666A188B24BB52A50056AC1D /* UIViewController+ChangeUI.h */ = {isa = PBXFileReference; fileEncoding = 4; lastKnownFileType = sourcecode.c.h; path = "UIViewController+ChangeUI.h"; sourceTree = "<group>"; };
		666A188D24BB52CE0056AC1D /* XPCollectionViewWaterfallFlowLayout.h */ = {isa = PBXFileReference; fileEncoding = 4; lastKnownFileType = sourcecode.c.h; path = XPCollectionViewWaterfallFlowLayout.h; sourceTree = "<group>"; };
		666A188E24BB52CE0056AC1D /* XPCollectionViewWaterfallFlowLayout.m */ = {isa = PBXFileReference; fileEncoding = 4; lastKnownFileType = sourcecode.c.objc; path = XPCollectionViewWaterfallFlowLayout.m; sourceTree = "<group>"; };
		666A189124BB52F30056AC1D /* MXPhotoPickerController.h */ = {isa = PBXFileReference; fileEncoding = 4; lastKnownFileType = sourcecode.c.h; path = MXPhotoPickerController.h; sourceTree = "<group>"; };
		666A189224BB52F30056AC1D /* MXImageEditController.h */ = {isa = PBXFileReference; fileEncoding = 4; lastKnownFileType = sourcecode.c.h; path = MXImageEditController.h; sourceTree = "<group>"; };
		666A189324BB52F30056AC1D /* MXALAsset.h */ = {isa = PBXFileReference; fileEncoding = 4; lastKnownFileType = sourcecode.c.h; path = MXALAsset.h; sourceTree = "<group>"; };
		666A189424BB52F30056AC1D /* MXImageListController.m */ = {isa = PBXFileReference; fileEncoding = 4; lastKnownFileType = sourcecode.c.objc; path = MXImageListController.m; sourceTree = "<group>"; };
		666A189524BB52F30056AC1D /* mx_pic_selected_yes@2x.png */ = {isa = PBXFileReference; lastKnownFileType = image.png; path = "mx_pic_selected_yes@2x.png"; sourceTree = "<group>"; };
		666A189624BB52F30056AC1D /* MXImagePreviewCell.m */ = {isa = PBXFileReference; fileEncoding = 4; lastKnownFileType = sourcecode.c.objc; path = MXImagePreviewCell.m; sourceTree = "<group>"; };
		666A189724BB52F30056AC1D /* UIViewController+MXPhotoPicker.m */ = {isa = PBXFileReference; fileEncoding = 4; lastKnownFileType = sourcecode.c.objc; path = "UIViewController+MXPhotoPicker.m"; sourceTree = "<group>"; };
		666A189824BB52F30056AC1D /* mx_picker_back_image@2x.png */ = {isa = PBXFileReference; lastKnownFileType = image.png; path = "mx_picker_back_image@2x.png"; sourceTree = "<group>"; };
		666A189924BB52F30056AC1D /* MXImageGroupController.h */ = {isa = PBXFileReference; fileEncoding = 4; lastKnownFileType = sourcecode.c.h; path = MXImageGroupController.h; sourceTree = "<group>"; };
		666A189A24BB52F30056AC1D /* MXImagePreviewController.m */ = {isa = PBXFileReference; fileEncoding = 4; lastKnownFileType = sourcecode.c.objc; path = MXImagePreviewController.m; sourceTree = "<group>"; };
		666A189B24BB52F30056AC1D /* MXImageListController.h */ = {isa = PBXFileReference; fileEncoding = 4; lastKnownFileType = sourcecode.c.h; path = MXImageListController.h; sourceTree = "<group>"; };
		666A189C24BB52F30056AC1D /* MXALAsset.m */ = {isa = PBXFileReference; fileEncoding = 4; lastKnownFileType = sourcecode.c.objc; path = MXALAsset.m; sourceTree = "<group>"; };
		666A189D24BB52F30056AC1D /* MXImageEditController.m */ = {isa = PBXFileReference; fileEncoding = 4; lastKnownFileType = sourcecode.c.objc; path = MXImageEditController.m; sourceTree = "<group>"; };
		666A189E24BB52F30056AC1D /* mx_pic_selected_no@2x.png */ = {isa = PBXFileReference; lastKnownFileType = image.png; path = "mx_pic_selected_no@2x.png"; sourceTree = "<group>"; };
		666A189F24BB52F30056AC1D /* MXPhotoPickerController.m */ = {isa = PBXFileReference; fileEncoding = 4; lastKnownFileType = sourcecode.c.objc; path = MXPhotoPickerController.m; sourceTree = "<group>"; };
		666A18A024BB52F30056AC1D /* UIViewController+MXPhotoPicker.h */ = {isa = PBXFileReference; fileEncoding = 4; lastKnownFileType = sourcecode.c.h; path = "UIViewController+MXPhotoPicker.h"; sourceTree = "<group>"; };
		666A18A124BB52F30056AC1D /* MXImagePreviewCell.h */ = {isa = PBXFileReference; fileEncoding = 4; lastKnownFileType = sourcecode.c.h; path = MXImagePreviewCell.h; sourceTree = "<group>"; };
		666A18A224BB52F30056AC1D /* MXImagePreviewController.h */ = {isa = PBXFileReference; fileEncoding = 4; lastKnownFileType = sourcecode.c.h; path = MXImagePreviewController.h; sourceTree = "<group>"; };
		666A18A324BB52F30056AC1D /* MXImageGroupController.m */ = {isa = PBXFileReference; fileEncoding = 4; lastKnownFileType = sourcecode.c.objc; path = MXImageGroupController.m; sourceTree = "<group>"; };
		666A18A624BB52F30056AC1D /* zkLunBoCell.m */ = {isa = PBXFileReference; fileEncoding = 4; lastKnownFileType = sourcecode.c.objc; path = zkLunBoCell.m; sourceTree = "<group>"; };
		666A18A724BB52F30056AC1D /* zkLunBoTwoCell.m */ = {isa = PBXFileReference; fileEncoding = 4; lastKnownFileType = sourcecode.c.objc; path = zkLunBoTwoCell.m; sourceTree = "<group>"; };
		666A18A824BB52F30056AC1D /* zkLunBoCell.h */ = {isa = PBXFileReference; fileEncoding = 4; lastKnownFileType = sourcecode.c.h; path = zkLunBoCell.h; sourceTree = "<group>"; };
		666A18AA24BB52F30056AC1D /* TYCyclePagerView.h */ = {isa = PBXFileReference; fileEncoding = 4; lastKnownFileType = sourcecode.c.h; path = TYCyclePagerView.h; sourceTree = "<group>"; };
		666A18AB24BB52F30056AC1D /* TYCyclePagerTransformLayout.h */ = {isa = PBXFileReference; fileEncoding = 4; lastKnownFileType = sourcecode.c.h; path = TYCyclePagerTransformLayout.h; sourceTree = "<group>"; };
		666A18AC24BB52F30056AC1D /* TYPageControl.m */ = {isa = PBXFileReference; fileEncoding = 4; lastKnownFileType = sourcecode.c.objc; path = TYPageControl.m; sourceTree = "<group>"; };
		666A18AD24BB52F30056AC1D /* TYCyclePagerView.m */ = {isa = PBXFileReference; fileEncoding = 4; lastKnownFileType = sourcecode.c.objc; path = TYCyclePagerView.m; sourceTree = "<group>"; };
		666A18AE24BB52F30056AC1D /* TYCyclePagerTransformLayout.m */ = {isa = PBXFileReference; fileEncoding = 4; lastKnownFileType = sourcecode.c.objc; path = TYCyclePagerTransformLayout.m; sourceTree = "<group>"; };
		666A18AF24BB52F30056AC1D /* TYPageControl.h */ = {isa = PBXFileReference; fileEncoding = 4; lastKnownFileType = sourcecode.c.h; path = TYPageControl.h; sourceTree = "<group>"; };
		666A18B024BB52F30056AC1D /* zkLunBoTwoCell.h */ = {isa = PBXFileReference; fileEncoding = 4; lastKnownFileType = sourcecode.c.h; path = zkLunBoTwoCell.h; sourceTree = "<group>"; };
		666A18B124BB52F30056AC1D /* zkPhotoShowVC.m */ = {isa = PBXFileReference; fileEncoding = 4; lastKnownFileType = sourcecode.c.objc; path = zkPhotoShowVC.m; sourceTree = "<group>"; };
		666A18B224BB52F30056AC1D /* zkPhotoShowCell.m */ = {isa = PBXFileReference; fileEncoding = 4; lastKnownFileType = sourcecode.c.objc; path = zkPhotoShowCell.m; sourceTree = "<group>"; };
		666A18B324BB52F30056AC1D /* zkPhotoShowCell.h */ = {isa = PBXFileReference; fileEncoding = 4; lastKnownFileType = sourcecode.c.h; path = zkPhotoShowCell.h; sourceTree = "<group>"; };
		666A18B424BB52F30056AC1D /* zkPhotoShowVC.h */ = {isa = PBXFileReference; fileEncoding = 4; lastKnownFileType = sourcecode.c.h; path = zkPhotoShowVC.h; sourceTree = "<group>"; };
		666A18C824BB53360056AC1D /* SWTNavitageView.m */ = {isa = PBXFileReference; fileEncoding = 4; lastKnownFileType = sourcecode.c.objc; path = SWTNavitageView.m; sourceTree = "<group>"; };
		666A18C924BB53360056AC1D /* SWTCateButton.m */ = {isa = PBXFileReference; fileEncoding = 4; lastKnownFileType = sourcecode.c.objc; path = SWTCateButton.m; sourceTree = "<group>"; };
		666A18CA24BB53360056AC1D /* SWTBottomBt.h */ = {isa = PBXFileReference; fileEncoding = 4; lastKnownFileType = sourcecode.c.h; path = SWTBottomBt.h; sourceTree = "<group>"; };
		666A18CB24BB53360056AC1D /* SWTNavitageView.h */ = {isa = PBXFileReference; fileEncoding = 4; lastKnownFileType = sourcecode.c.h; path = SWTNavitageView.h; sourceTree = "<group>"; };
		666A18CC24BB53360056AC1D /* ALCSearchView.h */ = {isa = PBXFileReference; fileEncoding = 4; lastKnownFileType = sourcecode.c.h; path = ALCSearchView.h; sourceTree = "<group>"; };
		666A18CD24BB53360056AC1D /* SWTCateSearchView.h */ = {isa = PBXFileReference; fileEncoding = 4; lastKnownFileType = sourcecode.c.h; path = SWTCateSearchView.h; sourceTree = "<group>"; };
		666A18CE24BB53370056AC1D /* ALCSearchView.m */ = {isa = PBXFileReference; fileEncoding = 4; lastKnownFileType = sourcecode.c.objc; path = ALCSearchView.m; sourceTree = "<group>"; };
		666A18CF24BB53370056AC1D /* SWTBottomBt.m */ = {isa = PBXFileReference; fileEncoding = 4; lastKnownFileType = sourcecode.c.objc; path = SWTBottomBt.m; sourceTree = "<group>"; };
		666A18D024BB53370056AC1D /* SWTCateButton.h */ = {isa = PBXFileReference; fileEncoding = 4; lastKnownFileType = sourcecode.c.h; path = SWTCateButton.h; sourceTree = "<group>"; };
		666A18D124BB53370056AC1D /* SWTCateSearchView.m */ = {isa = PBXFileReference; fileEncoding = 4; lastKnownFileType = sourcecode.c.objc; path = SWTCateSearchView.m; sourceTree = "<group>"; };
		66710F8A24D851F100AA8F4C /* SWTShopSettingTVC.h */ = {isa = PBXFileReference; lastKnownFileType = sourcecode.c.h; path = SWTShopSettingTVC.h; sourceTree = "<group>"; };
		66710F8B24D851F100AA8F4C /* SWTShopSettingTVC.m */ = {isa = PBXFileReference; lastKnownFileType = sourcecode.c.objc; path = SWTShopSettingTVC.m; sourceTree = "<group>"; };
		66710F8D24D8521800AA8F4C /* SWTMineShopSettingCell.h */ = {isa = PBXFileReference; lastKnownFileType = sourcecode.c.h; path = SWTMineShopSettingCell.h; sourceTree = "<group>"; };
		66710F8E24D8521800AA8F4C /* SWTMineShopSettingCell.m */ = {isa = PBXFileReference; lastKnownFileType = sourcecode.c.objc; path = SWTMineShopSettingCell.m; sourceTree = "<group>"; };
		66710F8F24D8521800AA8F4C /* SWTMineShopSettingCell.xib */ = {isa = PBXFileReference; lastKnownFileType = file.xib; path = SWTMineShopSettingCell.xib; sourceTree = "<group>"; };
		66710F9224D8533A00AA8F4C /* GuanZhuVC.m */ = {isa = PBXFileReference; fileEncoding = 4; lastKnownFileType = sourcecode.c.objc; path = GuanZhuVC.m; sourceTree = "<group>"; };
		66710F9324D8533A00AA8F4C /* GuanZhuVC.h */ = {isa = PBXFileReference; fileEncoding = 4; lastKnownFileType = sourcecode.c.h; path = GuanZhuVC.h; sourceTree = "<group>"; };
		66710F9524D8536500AA8F4C /* SWTMineFaBuOneCell.h */ = {isa = PBXFileReference; lastKnownFileType = sourcecode.c.h; path = SWTMineFaBuOneCell.h; sourceTree = "<group>"; };
		66710F9624D8536500AA8F4C /* SWTMineFaBuOneCell.m */ = {isa = PBXFileReference; lastKnownFileType = sourcecode.c.objc; path = SWTMineFaBuOneCell.m; sourceTree = "<group>"; };
		66710F9724D8536500AA8F4C /* SWTMineFaBuOneCell.xib */ = {isa = PBXFileReference; lastKnownFileType = file.xib; path = SWTMineFaBuOneCell.xib; sourceTree = "<group>"; };
		66710F9A24D8564500AA8F4C /* SWTMineShopSettingSectionV.h */ = {isa = PBXFileReference; lastKnownFileType = sourcecode.c.h; path = SWTMineShopSettingSectionV.h; sourceTree = "<group>"; };
		66710F9B24D8564500AA8F4C /* SWTMineShopSettingSectionV.m */ = {isa = PBXFileReference; lastKnownFileType = sourcecode.c.objc; path = SWTMineShopSettingSectionV.m; sourceTree = "<group>"; };
		6694A57224D70D050087E9E7 /* SWTMJMineOneCell.h */ = {isa = PBXFileReference; lastKnownFileType = sourcecode.c.h; path = SWTMJMineOneCell.h; sourceTree = "<group>"; };
		6694A57324D70D050087E9E7 /* SWTMJMineOneCell.m */ = {isa = PBXFileReference; lastKnownFileType = sourcecode.c.objc; path = SWTMJMineOneCell.m; sourceTree = "<group>"; };
		6694A57424D70D050087E9E7 /* SWTMJMineOneCell.xib */ = {isa = PBXFileReference; lastKnownFileType = file.xib; path = SWTMJMineOneCell.xib; sourceTree = "<group>"; };
		6694A57724D711430087E9E7 /* SWTMineTwoCell.h */ = {isa = PBXFileReference; fileEncoding = 4; lastKnownFileType = sourcecode.c.h; path = SWTMineTwoCell.h; sourceTree = "<group>"; };
		6694A57824D711430087E9E7 /* SWTMineTwoCell.m */ = {isa = PBXFileReference; fileEncoding = 4; lastKnownFileType = sourcecode.c.objc; path = SWTMineTwoCell.m; sourceTree = "<group>"; };
		6694A57A24D7116B0087E9E7 /* SWTMineHomeButton.m */ = {isa = PBXFileReference; fileEncoding = 4; lastKnownFileType = sourcecode.c.objc; path = SWTMineHomeButton.m; sourceTree = "<group>"; };
		6694A57B24D7116B0087E9E7 /* SWTMineHomeButton.h */ = {isa = PBXFileReference; fileEncoding = 4; lastKnownFileType = sourcecode.c.h; path = SWTMineHomeButton.h; sourceTree = "<group>"; };
		6694A57D24D713CC0087E9E7 /* SWTMineThreeCell.h */ = {isa = PBXFileReference; lastKnownFileType = sourcecode.c.h; path = SWTMineThreeCell.h; sourceTree = "<group>"; };
		6694A57E24D713CC0087E9E7 /* SWTMineThreeCell.m */ = {isa = PBXFileReference; lastKnownFileType = sourcecode.c.objc; path = SWTMineThreeCell.m; sourceTree = "<group>"; };
		6694A57F24D713CC0087E9E7 /* SWTMineThreeCell.xib */ = {isa = PBXFileReference; lastKnownFileType = file.xib; path = SWTMineThreeCell.xib; sourceTree = "<group>"; };
		66C8F7A524AB1E84008C7A3A /* noneNet@3x.png */ = {isa = PBXFileReference; lastKnownFileType = image.png; path = "noneNet@3x.png"; sourceTree = "<group>"; };
		66C8F7A624AB1E84008C7A3A /* LTSCNoneView.m */ = {isa = PBXFileReference; fileEncoding = 4; lastKnownFileType = sourcecode.c.objc; path = LTSCNoneView.m; sourceTree = "<group>"; };
		66C8F7A724AB1E84008C7A3A /* noneNet@2x.png */ = {isa = PBXFileReference; lastKnownFileType = image.png; path = "noneNet@2x.png"; sourceTree = "<group>"; };
		66C8F7A824AB1E84008C7A3A /* LTSCNoneView.h */ = {isa = PBXFileReference; fileEncoding = 4; lastKnownFileType = sourcecode.c.h; path = LTSCNoneView.h; sourceTree = "<group>"; };
		66C8F7A924AB1E84008C7A3A /* LTSCEventBus.h */ = {isa = PBXFileReference; fileEncoding = 4; lastKnownFileType = sourcecode.c.h; path = LTSCEventBus.h; sourceTree = "<group>"; };
		66C8F7AA24AB1E85008C7A3A /* LTSCEventBus.m */ = {isa = PBXFileReference; fileEncoding = 4; lastKnownFileType = sourcecode.c.objc; path = LTSCEventBus.m; sourceTree = "<group>"; };
		93517C6A5478579AE5177242 /* Pods-SWTZBMH.release.xcconfig */ = {isa = PBXFileReference; includeInIndex = 1; lastKnownFileType = text.xcconfig; name = "Pods-SWTZBMH.release.xcconfig"; path = "Pods/Target Support Files/Pods-SWTZBMH/Pods-SWTZBMH.release.xcconfig"; sourceTree = "<group>"; };
		C0333005ECB5A67F63F21483 /* Pods-SWTZBMH.debug.xcconfig */ = {isa = PBXFileReference; includeInIndex = 1; lastKnownFileType = text.xcconfig; name = "Pods-SWTZBMH.debug.xcconfig"; path = "Pods/Target Support Files/Pods-SWTZBMH/Pods-SWTZBMH.debug.xcconfig"; sourceTree = "<group>"; };
		D3E49E1E01514DB2F4C7786C /* libPods-SWTZBMH.a */ = {isa = PBXFileReference; explicitFileType = archive.ar; includeInIndex = 0; path = "libPods-SWTZBMH.a"; sourceTree = BUILT_PRODUCTS_DIR; };
/* End PBXFileReference section */

/* Begin PBXFrameworksBuildPhase section */
		337F3E5320E9FE3B00C5526A /* Frameworks */ = {
			isa = PBXFrameworksBuildPhase;
			buildActionMask = 2147483647;
			files = (
				33DC822E20EA1CA700D1C283 /* libc++.1.tbd in Frameworks */,
				33DC822B20EA1C4600D1C283 /* Foundation.framework in Frameworks */,
				33DC822920EA1BEC00D1C283 /* libsqlite3.0.tbd in Frameworks */,
				33DC822720EA182500D1C283 /* CoreMotion.framework in Frameworks */,
				33DC822520EA181900D1C283 /* CoreGraphics.framework in Frameworks */,
				33DC822320EA180B00D1C283 /* SystemConfiguration.framework in Frameworks */,
				33DC822120EA180100D1C283 /* libz.1.1.3.tbd in Frameworks */,
				33DC821D20EA17E900D1C283 /* UserNotifications.framework in Frameworks */,
				337F3EBE20EA136800C5526A /* CoreFoundation.framework in Frameworks */,
				AE1A7CF29DF9D6E7166E507C /* libPods-SWTZBMH.a in Frameworks */,
			);
			runOnlyForDeploymentPostprocessing = 0;
		};
		337F3E6B20E9FE5400C5526A /* Frameworks */ = {
			isa = PBXFrameworksBuildPhase;
			buildActionMask = 2147483647;
			files = (
			);
			runOnlyForDeploymentPostprocessing = 0;
		};
		337F3E7620E9FE5400C5526A /* Frameworks */ = {
			isa = PBXFrameworksBuildPhase;
			buildActionMask = 2147483647;
			files = (
			);
			runOnlyForDeploymentPostprocessing = 0;
		};
/* End PBXFrameworksBuildPhase section */

/* Begin PBXGroup section */
		337F3E4D20E9FE3B00C5526A = {
			isa = PBXGroup;
			children = (
				337F3EB820EA050000C5526A /* Podfile */,
				337F3E5820E9FE3B00C5526A /* SWTZBMH */,
				337F3E7120E9FE5400C5526A /* SWTZBMHTests */,
				337F3E7C20E9FE5400C5526A /* SWTZBMHUITests */,
				337F3E5720E9FE3B00C5526A /* Products */,
				B8B65EAE161FA82D6A7D13DD /* Pods */,
				527B5D99162EB1A60EB7D17D /* Frameworks */,
			);
			sourceTree = "<group>";
		};
		337F3E5720E9FE3B00C5526A /* Products */ = {
			isa = PBXGroup;
			children = (
				337F3E5620E9FE3B00C5526A /* SWTZBMH.app */,
				337F3E6E20E9FE5400C5526A /* SWTZBMHTests.xctest */,
				337F3E7920E9FE5400C5526A /* SWTZBMHUITests.xctest */,
			);
			name = Products;
			sourceTree = "<group>";
		};
		337F3E5820E9FE3B00C5526A /* SWTZBMH */ = {
			isa = PBXGroup;
			children = (
				666A18C724BB532C0056AC1D /* Views */,
				337F3EB120EA040400C5526A /* 其它 */,
				337F3E8C20E9FF3500C5526A /* 登录注册 */,
				337F3E9020E9FF3500C5526A /* 发布 */,
				337F3E8F20E9FF3500C5526A /* 基类 */,
				337F3E8D20E9FF3500C5526A /* 首页 */,
				337F3E8E20E9FF3500C5526A /* 我的 */,
				337F3E8B20E9FF3400C5526A /* 消息 */,
				337F3E5920E9FE3B00C5526A /* AppDelegate.h */,
				337F3E5A20E9FE3B00C5526A /* AppDelegate.m */,
				337F3E5C20E9FE3C00C5526A /* ViewController.h */,
				337F3E5D20E9FE3C00C5526A /* ViewController.m */,
				33DC822F20EA20D600D1C283 /* LYGuideViewController.h */,
				33DC823220EA20D700D1C283 /* LYGuideViewController.m */,
				33DC823120EA20D600D1C283 /* TabBarController.h */,
				33DC823020EA20D600D1C283 /* TabBarController.m */,
				337F3EBA20EA057600C5526A /* Header.pch */,
				337F3E5F20E9FE3C00C5526A /* Main.storyboard */,
				337F3E6220E9FE5300C5526A /* Assets.xcassets */,
				337F3E6420E9FE5300C5526A /* LaunchScreen.storyboard */,
				337F3E6720E9FE5300C5526A /* Info.plist */,
				337F3E6820E9FE5300C5526A /* main.m */,
			);
			path = SWTZBMH;
			sourceTree = "<group>";
		};
		337F3E7120E9FE5400C5526A /* SWTZBMHTests */ = {
			isa = PBXGroup;
			children = (
				337F3E7220E9FE5400C5526A /* SWTZBMHTests.m */,
				337F3E7420E9FE5400C5526A /* Info.plist */,
			);
			path = SWTZBMHTests;
			sourceTree = "<group>";
		};
		337F3E7C20E9FE5400C5526A /* SWTZBMHUITests */ = {
			isa = PBXGroup;
			children = (
				337F3E7D20E9FE5400C5526A /* SWTZBMHUITests.m */,
				337F3E7F20E9FE5400C5526A /* Info.plist */,
			);
			path = SWTZBMHUITests;
			sourceTree = "<group>";
		};
		337F3E8B20E9FF3400C5526A /* 消息 */ = {
			isa = PBXGroup;
			children = (
				33DC823C20EA21C600D1C283 /* Models */,
				33DC823D20EA21C600D1C283 /* VC */,
				33DC823B20EA21C600D1C283 /* Views */,
			);
			path = "消息";
			sourceTree = "<group>";
		};
		337F3E8C20E9FF3500C5526A /* 登录注册 */ = {
			isa = PBXGroup;
			children = (
			);
			path = "登录注册";
			sourceTree = "<group>";
		};
		337F3E8D20E9FF3500C5526A /* 首页 */ = {
			isa = PBXGroup;
			children = (
				33DC823E20EA21CD00D1C283 /* Models */,
				33DC824020EA21CD00D1C283 /* VC */,
				33DC823F20EA21CD00D1C283 /* Views */,
			);
			path = "首页";
			sourceTree = "<group>";
		};
		337F3E8E20E9FF3500C5526A /* 我的 */ = {
			isa = PBXGroup;
			children = (
				33DC823A20EA21BD00D1C283 /* Models */,
				33DC823820EA21BD00D1C283 /* VC */,
				33DC823920EA21BD00D1C283 /* Views */,
			);
			path = "我的";
			sourceTree = "<group>";
		};
		337F3E8F20E9FF3500C5526A /* 基类 */ = {
			isa = PBXGroup;
			children = (
				666A188B24BB52A50056AC1D /* UIViewController+ChangeUI.h */,
				666A188A24BB52A50056AC1D /* UIViewController+ChangeUI.m */,
				337F3EA020EA014500C5526A /* BaseCollectionReusableView.h */,
				337F3EA420EA014600C5526A /* BaseCollectionReusableView.m */,
				337F3EA620EA014600C5526A /* BaseCollectionViewController.h */,
				337F3E9B20EA014500C5526A /* BaseCollectionViewController.m */,
				337F3E9C20EA014500C5526A /* BaseNavigationController.h */,
				337F3E9E20EA014500C5526A /* BaseNavigationController.m */,
				337F3EA220EA014500C5526A /* BaseTableViewController.h */,
				337F3E9F20EA014500C5526A /* BaseTableViewController.m */,
				337F3EA120EA014500C5526A /* BaseTableViewHeaderFooterView.h */,
				337F3EA320EA014600C5526A /* BaseTableViewHeaderFooterView.m */,
				337F3E9A20EA014500C5526A /* BaseViewController.h */,
				337F3E9D20EA014500C5526A /* BaseViewController.m */,
				337F3EA520EA014600C5526A /* BaseViewController+PublicMethod.h */,
				337F3EA720EA014600C5526A /* BaseViewController+PublicMethod.m */,
				337F3EA820EA014600C5526A /* noneDataBg.png */,
			);
			path = "基类";
			sourceTree = "<group>";
		};
		337F3E9020E9FF3500C5526A /* 发布 */ = {
			isa = PBXGroup;
			children = (
				33DC824420EA21D600D1C283 /* Models */,
				33DC824520EA21D700D1C283 /* VC */,
				33DC824620EA21D700D1C283 /* Views */,
			);
			path = "发布";
			sourceTree = "<group>";
		};
		337F3EB120EA040400C5526A /* 其它 */ = {
			isa = PBXGroup;
			children = (
				666A189024BB52F30056AC1D /* MXPhotoPickerController */,
				666A18A424BB52F30056AC1D /* zk_picShow */,
				66C8F7A924AB1E84008C7A3A /* LTSCEventBus.h */,
				66C8F7AA24AB1E85008C7A3A /* LTSCEventBus.m */,
				66C8F7A424AB1E84008C7A3A /* LTSCNoneView */,
				335010ED20EE05C100F8486B /* NSString+Size.h */,
				335010EA20EE05C000F8486B /* NSString+Size.m */,
				335010EC20EE05C100F8486B /* UIButton+Badge.h */,
				335010EB20EE05C000F8486B /* UIButton+Badge.m */,
				335010D520EDF8E200F8486B /* Clear.h */,
				335010D620EDF8E300F8486B /* Clear.m */,
				335010D820EDF8E400F8486B /* UIViewController+AlertShow.h */,
				335010D720EDF8E300F8486B /* UIViewController+AlertShow.m */,
				337F3EB220EA040400C5526A /* UIView+BSExtension.h */,
				337F3EB320EA040400C5526A /* UIView+BSExtension.m */,
				335010DB20EDF9AE00F8486B /* zkRequestTool.h */,
				335010DC20EDF9AE00F8486B /* zkRequestTool.m */,
				335010E120EDFC9300F8486B /* zkSignleTool.h */,
				335010E220EDFC9300F8486B /* zkSignleTool.m */,
			);
			path = "其它";
			sourceTree = "<group>";
		};
		33DC823820EA21BD00D1C283 /* VC */ = {
			isa = PBXGroup;
			children = (
				33DC824720EA220400D1C283 /* MineVC.h */,
				33DC824820EA220400D1C283 /* MineVC.m */,
				66710F8A24D851F100AA8F4C /* SWTShopSettingTVC.h */,
				66710F8B24D851F100AA8F4C /* SWTShopSettingTVC.m */,
			);
			path = VC;
			sourceTree = "<group>";
		};
		33DC823920EA21BD00D1C283 /* Views */ = {
			isa = PBXGroup;
			children = (
				6694A57B24D7116B0087E9E7 /* SWTMineHomeButton.h */,
				6694A57A24D7116B0087E9E7 /* SWTMineHomeButton.m */,
				6694A57724D711430087E9E7 /* SWTMineTwoCell.h */,
				6694A57824D711430087E9E7 /* SWTMineTwoCell.m */,
				6694A57224D70D050087E9E7 /* SWTMJMineOneCell.h */,
				6694A57324D70D050087E9E7 /* SWTMJMineOneCell.m */,
				6694A57424D70D050087E9E7 /* SWTMJMineOneCell.xib */,
				6694A57D24D713CC0087E9E7 /* SWTMineThreeCell.h */,
				6694A57E24D713CC0087E9E7 /* SWTMineThreeCell.m */,
				6694A57F24D713CC0087E9E7 /* SWTMineThreeCell.xib */,
				66710F8D24D8521800AA8F4C /* SWTMineShopSettingCell.h */,
				66710F8E24D8521800AA8F4C /* SWTMineShopSettingCell.m */,
				66710F8F24D8521800AA8F4C /* SWTMineShopSettingCell.xib */,
				66710F9A24D8564500AA8F4C /* SWTMineShopSettingSectionV.h */,
				66710F9B24D8564500AA8F4C /* SWTMineShopSettingSectionV.m */,
			);
			path = Views;
			sourceTree = "<group>";
		};
		33DC823A20EA21BD00D1C283 /* Models */ = {
			isa = PBXGroup;
			children = (
			);
			path = Models;
			sourceTree = "<group>";
		};
		33DC823B20EA21C600D1C283 /* Views */ = {
			isa = PBXGroup;
			children = (
			);
			path = Views;
			sourceTree = "<group>";
		};
		33DC823C20EA21C600D1C283 /* Models */ = {
			isa = PBXGroup;
			children = (
			);
			path = Models;
			sourceTree = "<group>";
		};
		33DC823D20EA21C600D1C283 /* VC */ = {
			isa = PBXGroup;
			children = (
				33DC824D20EA224F00D1C283 /* HangQingVC.h */,
				33DC824E20EA224F00D1C283 /* HangQingVC.m */,
			);
			path = VC;
			sourceTree = "<group>";
		};
		33DC823E20EA21CD00D1C283 /* Models */ = {
			isa = PBXGroup;
			children = (
			);
			path = Models;
			sourceTree = "<group>";
		};
		33DC823F20EA21CD00D1C283 /* Views */ = {
			isa = PBXGroup;
			children = (
			);
			path = Views;
			sourceTree = "<group>";
		};
		33DC824020EA21CD00D1C283 /* VC */ = {
			isa = PBXGroup;
			children = (
				666A188D24BB52CE0056AC1D /* XPCollectionViewWaterfallFlowLayout.h */,
				666A188E24BB52CE0056AC1D /* XPCollectionViewWaterfallFlowLayout.m */,
				33DC825420EA245E00D1C283 /* HomeVC.h */,
				33DC825320EA245E00D1C283 /* HomeVC.m */,
			);
			path = VC;
			sourceTree = "<group>";
		};
		33DC824420EA21D600D1C283 /* Models */ = {
			isa = PBXGroup;
			children = (
			);
			path = Models;
			sourceTree = "<group>";
		};
		33DC824520EA21D700D1C283 /* VC */ = {
			isa = PBXGroup;
			children = (
				66710F9324D8533A00AA8F4C /* GuanZhuVC.h */,
				66710F9224D8533A00AA8F4C /* GuanZhuVC.m */,
			);
			path = VC;
			sourceTree = "<group>";
		};
		33DC824620EA21D700D1C283 /* Views */ = {
			isa = PBXGroup;
			children = (
				66710F9524D8536500AA8F4C /* SWTMineFaBuOneCell.h */,
				66710F9624D8536500AA8F4C /* SWTMineFaBuOneCell.m */,
				66710F9724D8536500AA8F4C /* SWTMineFaBuOneCell.xib */,
			);
			path = Views;
			sourceTree = "<group>";
		};
		527B5D99162EB1A60EB7D17D /* Frameworks */ = {
			isa = PBXGroup;
			children = (
				33DC822C20EA1C9D00D1C283 /* libstdc++.6.0.9.tbd */,
				33DC822A20EA1C4600D1C283 /* Foundation.framework */,
				33DC822820EA1BEC00D1C283 /* libsqlite3.0.tbd */,
				33DC822620EA182500D1C283 /* CoreMotion.framework */,
				33DC822420EA181900D1C283 /* CoreGraphics.framework */,
				33DC822220EA180B00D1C283 /* SystemConfiguration.framework */,
				33DC822020EA180100D1C283 /* libz.1.1.3.tbd */,
				33DC821E20EA17F700D1C283 /* libc++.1.tbd */,
				33DC821C20EA17E900D1C283 /* UserNotifications.framework */,
				33DC821A20EA17D700D1C283 /* WebKit.framework */,
				337F3EBD20EA136800C5526A /* CoreFoundation.framework */,
				337F3EBB20EA134C00C5526A /* UIKit.framework */,
				D3E49E1E01514DB2F4C7786C /* libPods-SWTZBMH.a */,
			);
			name = Frameworks;
			sourceTree = "<group>";
		};
		666A189024BB52F30056AC1D /* MXPhotoPickerController */ = {
			isa = PBXGroup;
			children = (
				666A189124BB52F30056AC1D /* MXPhotoPickerController.h */,
				666A189224BB52F30056AC1D /* MXImageEditController.h */,
				666A189324BB52F30056AC1D /* MXALAsset.h */,
				666A189424BB52F30056AC1D /* MXImageListController.m */,
				666A189524BB52F30056AC1D /* mx_pic_selected_yes@2x.png */,
				666A189624BB52F30056AC1D /* MXImagePreviewCell.m */,
				666A189724BB52F30056AC1D /* UIViewController+MXPhotoPicker.m */,
				666A189824BB52F30056AC1D /* mx_picker_back_image@2x.png */,
				666A189924BB52F30056AC1D /* MXImageGroupController.h */,
				666A189A24BB52F30056AC1D /* MXImagePreviewController.m */,
				666A189B24BB52F30056AC1D /* MXImageListController.h */,
				666A189C24BB52F30056AC1D /* MXALAsset.m */,
				666A189D24BB52F30056AC1D /* MXImageEditController.m */,
				666A189E24BB52F30056AC1D /* mx_pic_selected_no@2x.png */,
				666A189F24BB52F30056AC1D /* MXPhotoPickerController.m */,
				666A18A024BB52F30056AC1D /* UIViewController+MXPhotoPicker.h */,
				666A18A124BB52F30056AC1D /* MXImagePreviewCell.h */,
				666A18A224BB52F30056AC1D /* MXImagePreviewController.h */,
				666A18A324BB52F30056AC1D /* MXImageGroupController.m */,
			);
			path = MXPhotoPickerController;
			sourceTree = "<group>";
		};
		666A18A424BB52F30056AC1D /* zk_picShow */ = {
			isa = PBXGroup;
			children = (
				666A18A524BB52F30056AC1D /* lunBoV */,
				666A18B124BB52F30056AC1D /* zkPhotoShowVC.m */,
				666A18B224BB52F30056AC1D /* zkPhotoShowCell.m */,
				666A18B324BB52F30056AC1D /* zkPhotoShowCell.h */,
				666A18B424BB52F30056AC1D /* zkPhotoShowVC.h */,
			);
			path = zk_picShow;
			sourceTree = "<group>";
		};
		666A18A524BB52F30056AC1D /* lunBoV */ = {
			isa = PBXGroup;
			children = (
				666A18A624BB52F30056AC1D /* zkLunBoCell.m */,
				666A18A724BB52F30056AC1D /* zkLunBoTwoCell.m */,
				666A18A824BB52F30056AC1D /* zkLunBoCell.h */,
				666A18A924BB52F30056AC1D /* TYCyclePagerView */,
				666A18B024BB52F30056AC1D /* zkLunBoTwoCell.h */,
			);
			path = lunBoV;
			sourceTree = "<group>";
		};
		666A18A924BB52F30056AC1D /* TYCyclePagerView */ = {
			isa = PBXGroup;
			children = (
				666A18AA24BB52F30056AC1D /* TYCyclePagerView.h */,
				666A18AB24BB52F30056AC1D /* TYCyclePagerTransformLayout.h */,
				666A18AC24BB52F30056AC1D /* TYPageControl.m */,
				666A18AD24BB52F30056AC1D /* TYCyclePagerView.m */,
				666A18AE24BB52F30056AC1D /* TYCyclePagerTransformLayout.m */,
				666A18AF24BB52F30056AC1D /* TYPageControl.h */,
			);
			path = TYCyclePagerView;
			sourceTree = "<group>";
		};
		666A18C724BB532C0056AC1D /* Views */ = {
			isa = PBXGroup;
			children = (
				666A18CC24BB53360056AC1D /* ALCSearchView.h */,
				666A18CE24BB53370056AC1D /* ALCSearchView.m */,
				666A18CA24BB53360056AC1D /* SWTBottomBt.h */,
				666A18CF24BB53370056AC1D /* SWTBottomBt.m */,
				666A18D024BB53370056AC1D /* SWTCateButton.h */,
				666A18C924BB53360056AC1D /* SWTCateButton.m */,
				666A18CD24BB53360056AC1D /* SWTCateSearchView.h */,
				666A18D124BB53370056AC1D /* SWTCateSearchView.m */,
				666A18CB24BB53360056AC1D /* SWTNavitageView.h */,
				666A18C824BB53360056AC1D /* SWTNavitageView.m */,
			);
			path = Views;
			sourceTree = "<group>";
		};
		66C8F7A424AB1E84008C7A3A /* LTSCNoneView */ = {
			isa = PBXGroup;
			children = (
				66C8F7A524AB1E84008C7A3A /* noneNet@3x.png */,
				66C8F7A624AB1E84008C7A3A /* LTSCNoneView.m */,
				66C8F7A724AB1E84008C7A3A /* noneNet@2x.png */,
				66C8F7A824AB1E84008C7A3A /* LTSCNoneView.h */,
			);
			path = LTSCNoneView;
			sourceTree = "<group>";
		};
		B8B65EAE161FA82D6A7D13DD /* Pods */ = {
			isa = PBXGroup;
			children = (
				C0333005ECB5A67F63F21483 /* Pods-SWTZBMH.debug.xcconfig */,
				93517C6A5478579AE5177242 /* Pods-SWTZBMH.release.xcconfig */,
			);
			name = Pods;
			sourceTree = "<group>";
		};
/* End PBXGroup section */

/* Begin PBXNativeTarget section */
		337F3E5520E9FE3B00C5526A /* SWTZBMH */ = {
			isa = PBXNativeTarget;
			buildConfigurationList = 337F3E8220E9FE5400C5526A /* Build configuration list for PBXNativeTarget "SWTZBMH" */;
			buildPhases = (
				65036584D08D3A83126FD569 /* [CP] Check Pods Manifest.lock */,
				337F3E5220E9FE3B00C5526A /* Sources */,
				337F3E5320E9FE3B00C5526A /* Frameworks */,
				337F3E5420E9FE3B00C5526A /* Resources */,
				EC336248AD647AB9AC69CF62 /* [CP] Copy Pods Resources */,
			);
			buildRules = (
			);
			dependencies = (
			);
			name = SWTZBMH;
			productName = SWTZBMH;
			productReference = 337F3E5620E9FE3B00C5526A /* SWTZBMH.app */;
			productType = "com.apple.product-type.application";
		};
		337F3E6D20E9FE5400C5526A /* SWTZBMHTests */ = {
			isa = PBXNativeTarget;
			buildConfigurationList = 337F3E8520E9FE5400C5526A /* Build configuration list for PBXNativeTarget "SWTZBMHTests" */;
			buildPhases = (
				337F3E6A20E9FE5400C5526A /* Sources */,
				337F3E6B20E9FE5400C5526A /* Frameworks */,
				337F3E6C20E9FE5400C5526A /* Resources */,
			);
			buildRules = (
			);
			dependencies = (
				337F3E7020E9FE5400C5526A /* PBXTargetDependency */,
			);
			name = SWTZBMHTests;
			productName = SWTZBMHTests;
			productReference = 337F3E6E20E9FE5400C5526A /* SWTZBMHTests.xctest */;
			productType = "com.apple.product-type.bundle.unit-test";
		};
		337F3E7820E9FE5400C5526A /* SWTZBMHUITests */ = {
			isa = PBXNativeTarget;
			buildConfigurationList = 337F3E8820E9FE5400C5526A /* Build configuration list for PBXNativeTarget "SWTZBMHUITests" */;
			buildPhases = (
				337F3E7520E9FE5400C5526A /* Sources */,
				337F3E7620E9FE5400C5526A /* Frameworks */,
				337F3E7720E9FE5400C5526A /* Resources */,
			);
			buildRules = (
			);
			dependencies = (
				337F3E7B20E9FE5400C5526A /* PBXTargetDependency */,
			);
			name = SWTZBMHUITests;
			productName = SWTZBMHUITests;
			productReference = 337F3E7920E9FE5400C5526A /* SWTZBMHUITests.xctest */;
			productType = "com.apple.product-type.bundle.ui-testing";
		};
/* End PBXNativeTarget section */

/* Begin PBXProject section */
		337F3E4E20E9FE3B00C5526A /* Project object */ = {
			isa = PBXProject;
			attributes = {
				LastUpgradeCheck = 0940;
				ORGANIZATIONNAME = kunzhang;
				TargetAttributes = {
					337F3E5520E9FE3B00C5526A = {
						CreatedOnToolsVersion = 9.4.1;
					};
					337F3E6D20E9FE5400C5526A = {
						CreatedOnToolsVersion = 9.4.1;
						TestTargetID = 337F3E5520E9FE3B00C5526A;
					};
					337F3E7820E9FE5400C5526A = {
						CreatedOnToolsVersion = 9.4.1;
						TestTargetID = 337F3E5520E9FE3B00C5526A;
					};
				};
			};
			buildConfigurationList = 337F3E5120E9FE3B00C5526A /* Build configuration list for PBXProject "SWTZBMH" */;
			compatibilityVersion = "Xcode 9.3";
			developmentRegion = en;
			hasScannedForEncodings = 0;
			knownRegions = (
				en,
				Base,
			);
			mainGroup = 337F3E4D20E9FE3B00C5526A;
			productRefGroup = 337F3E5720E9FE3B00C5526A /* Products */;
			projectDirPath = "";
			projectRoot = "";
			targets = (
				337F3E5520E9FE3B00C5526A /* SWTZBMH */,
				337F3E6D20E9FE5400C5526A /* SWTZBMHTests */,
				337F3E7820E9FE5400C5526A /* SWTZBMHUITests */,
			);
		};
/* End PBXProject section */

/* Begin PBXResourcesBuildPhase section */
		337F3E5420E9FE3B00C5526A /* Resources */ = {
			isa = PBXResourcesBuildPhase;
			buildActionMask = 2147483647;
			files = (
				337F3EB920EA050000C5526A /* Podfile in Resources */,
				337F3EB020EA014600C5526A /* noneDataBg.png in Resources */,
				666A18BD24BB52F30056AC1D /* mx_pic_selected_no@2x.png in Resources */,
				337F3E6620E9FE5300C5526A /* LaunchScreen.storyboard in Resources */,
				6694A57624D70D050087E9E7 /* SWTMJMineOneCell.xib in Resources */,
				66710F9124D8521800AA8F4C /* SWTMineShopSettingCell.xib in Resources */,
				66C8F7AB24AB1E85008C7A3A /* noneNet@3x.png in Resources */,
				666A18B924BB52F30056AC1D /* mx_picker_back_image@2x.png in Resources */,
				66710F9924D8536500AA8F4C /* SWTMineFaBuOneCell.xib in Resources */,
				337F3E6320E9FE5300C5526A /* Assets.xcassets in Resources */,
				6694A58124D713CC0087E9E7 /* SWTMineThreeCell.xib in Resources */,
				337F3E6120E9FE3C00C5526A /* Main.storyboard in Resources */,
				66C8F7AD24AB1E85008C7A3A /* noneNet@2x.png in Resources */,
				666A18B624BB52F30056AC1D /* mx_pic_selected_yes@2x.png in Resources */,
			);
			runOnlyForDeploymentPostprocessing = 0;
		};
		337F3E6C20E9FE5400C5526A /* Resources */ = {
			isa = PBXResourcesBuildPhase;
			buildActionMask = 2147483647;
			files = (
			);
			runOnlyForDeploymentPostprocessing = 0;
		};
		337F3E7720E9FE5400C5526A /* Resources */ = {
			isa = PBXResourcesBuildPhase;
			buildActionMask = 2147483647;
			files = (
			);
			runOnlyForDeploymentPostprocessing = 0;
		};
/* End PBXResourcesBuildPhase section */

/* Begin PBXShellScriptBuildPhase section */
		65036584D08D3A83126FD569 /* [CP] Check Pods Manifest.lock */ = {
			isa = PBXShellScriptBuildPhase;
			buildActionMask = 2147483647;
			files = (
			);
			inputPaths = (
				"${PODS_PODFILE_DIR_PATH}/Podfile.lock",
				"${PODS_ROOT}/Manifest.lock",
			);
			name = "[CP] Check Pods Manifest.lock";
			outputPaths = (
				"$(DERIVED_FILE_DIR)/Pods-SWTZBMH-checkManifestLockResult.txt",
			);
			runOnlyForDeploymentPostprocessing = 0;
			shellPath = /bin/sh;
			shellScript = "diff \"${PODS_PODFILE_DIR_PATH}/Podfile.lock\" \"${PODS_ROOT}/Manifest.lock\" > /dev/null\nif [ $? != 0 ] ; then\n    # print error to STDERR\n    echo \"error: The sandbox is not in sync with the Podfile.lock. Run 'pod install' or update your CocoaPods installation.\" >&2\n    exit 1\nfi\n# This output is used by Xcode 'outputs' to avoid re-running this script phase.\necho \"SUCCESS\" > \"${SCRIPT_OUTPUT_FILE_0}\"\n";
			showEnvVarsInLog = 0;
		};
		EC336248AD647AB9AC69CF62 /* [CP] Copy Pods Resources */ = {
			isa = PBXShellScriptBuildPhase;
			buildActionMask = 2147483647;
			files = (
			);
			inputFileListPaths = (
				"${PODS_ROOT}/Target Support Files/Pods-SWTZBMH/Pods-SWTZBMH-resources-${CONFIGURATION}-input-files.xcfilelist",
			);
			name = "[CP] Copy Pods Resources";
			outputFileListPaths = (
				"${PODS_ROOT}/Target Support Files/Pods-SWTZBMH/Pods-SWTZBMH-resources-${CONFIGURATION}-output-files.xcfilelist",
			);
			runOnlyForDeploymentPostprocessing = 0;
			shellPath = /bin/sh;
			shellScript = "\"${PODS_ROOT}/Target Support Files/Pods-SWTZBMH/Pods-SWTZBMH-resources.sh\"\n";
			showEnvVarsInLog = 0;
		};
/* End PBXShellScriptBuildPhase section */

/* Begin PBXSourcesBuildPhase section */
		337F3E5220E9FE3B00C5526A /* Sources */ = {
			isa = PBXSourcesBuildPhase;
			buildActionMask = 2147483647;
			files = (
				666A18B824BB52F30056AC1D /* UIViewController+MXPhotoPicker.m in Sources */,
				335010DA20EDF8E400F8486B /* UIViewController+AlertShow.m in Sources */,
				337F3E5E20E9FE3C00C5526A /* ViewController.m in Sources */,
				337F3EAA20EA014600C5526A /* BaseViewController.m in Sources */,
				66710F9824D8536500AA8F4C /* SWTMineFaBuOneCell.m in Sources */,
				666A18C124BB52F30056AC1D /* zkLunBoTwoCell.m in Sources */,
				66710F8C24D851F100AA8F4C /* SWTShopSettingTVC.m in Sources */,
				666A18D524BB53370056AC1D /* SWTBottomBt.m in Sources */,
				66710F9024D8521800AA8F4C /* SWTMineShopSettingCell.m in Sources */,
				33DC823420EA20D700D1C283 /* LYGuideViewController.m in Sources */,
				33DC824920EA220400D1C283 /* MineVC.m in Sources */,
				666A18B724BB52F30056AC1D /* MXImagePreviewCell.m in Sources */,
				666A18B524BB52F30056AC1D /* MXImageListController.m in Sources */,
				66C8F7AE24AB1E85008C7A3A /* LTSCEventBus.m in Sources */,
				337F3EAB20EA014600C5526A /* BaseNavigationController.m in Sources */,
				6694A57524D70D050087E9E7 /* SWTMJMineOneCell.m in Sources */,
				335010E320EDFC9300F8486B /* zkSignleTool.m in Sources */,
				337F3EAD20EA014600C5526A /* BaseTableViewHeaderFooterView.m in Sources */,
				666A18C024BB52F30056AC1D /* zkLunBoCell.m in Sources */,
				666A18BE24BB52F30056AC1D /* MXPhotoPickerController.m in Sources */,
				337F3EAC20EA014600C5526A /* BaseTableViewController.m in Sources */,
				666A18C324BB52F30056AC1D /* TYCyclePagerView.m in Sources */,
				6694A58024D713CC0087E9E7 /* SWTMineThreeCell.m in Sources */,
				666A18C624BB52F30056AC1D /* zkPhotoShowCell.m in Sources */,
				66C8F7AC24AB1E85008C7A3A /* LTSCNoneView.m in Sources */,
				337F3E6920E9FE5300C5526A /* main.m in Sources */,
				666A18BF24BB52F30056AC1D /* MXImageGroupController.m in Sources */,
				337F3EB420EA040400C5526A /* UIView+BSExtension.m in Sources */,
				33DC824F20EA224F00D1C283 /* HangQingVC.m in Sources */,
				6694A57C24D7116B0087E9E7 /* SWTMineHomeButton.m in Sources */,
				66710F9C24D8564500AA8F4C /* SWTMineShopSettingSectionV.m in Sources */,
				337F3E5B20E9FE3B00C5526A /* AppDelegate.m in Sources */,
				335010EE20EE05C100F8486B /* NSString+Size.m in Sources */,
				666A18BA24BB52F30056AC1D /* MXImagePreviewController.m in Sources */,
				337F3EAE20EA014600C5526A /* BaseCollectionReusableView.m in Sources */,
				666A18BC24BB52F30056AC1D /* MXImageEditController.m in Sources */,
				666A18D324BB53370056AC1D /* SWTCateButton.m in Sources */,
				666A18D424BB53370056AC1D /* ALCSearchView.m in Sources */,
				666A188C24BB52A50056AC1D /* UIViewController+ChangeUI.m in Sources */,
				666A188F24BB52CE0056AC1D /* XPCollectionViewWaterfallFlowLayout.m in Sources */,
				6694A57924D711430087E9E7 /* SWTMineTwoCell.m in Sources */,
				666A18BB24BB52F30056AC1D /* MXALAsset.m in Sources */,
				335010DD20EDF9AE00F8486B /* zkRequestTool.m in Sources */,
				33DC825520EA245E00D1C283 /* HomeVC.m in Sources */,
				33DC823320EA20D700D1C283 /* TabBarController.m in Sources */,
				335010D920EDF8E400F8486B /* Clear.m in Sources */,
				666A18D624BB53370056AC1D /* SWTCateSearchView.m in Sources */,
				337F3EA920EA014600C5526A /* BaseCollectionViewController.m in Sources */,
				666A18C224BB52F30056AC1D /* TYPageControl.m in Sources */,
				335010EF20EE05C100F8486B /* UIButton+Badge.m in Sources */,
				666A18C524BB52F30056AC1D /* zkPhotoShowVC.m in Sources */,
				66710F9424D8533A00AA8F4C /* GuanZhuVC.m in Sources */,
				666A18C424BB52F30056AC1D /* TYCyclePagerTransformLayout.m in Sources */,
				337F3EAF20EA014600C5526A /* BaseViewController+PublicMethod.m in Sources */,
				666A18D224BB53370056AC1D /* SWTNavitageView.m in Sources */,
			);
			runOnlyForDeploymentPostprocessing = 0;
		};
		337F3E6A20E9FE5400C5526A /* Sources */ = {
			isa = PBXSourcesBuildPhase;
			buildActionMask = 2147483647;
			files = (
				337F3E7320E9FE5400C5526A /* SWTZBMHTests.m in Sources */,
			);
			runOnlyForDeploymentPostprocessing = 0;
		};
		337F3E7520E9FE5400C5526A /* Sources */ = {
			isa = PBXSourcesBuildPhase;
			buildActionMask = 2147483647;
			files = (
				337F3E7E20E9FE5400C5526A /* SWTZBMHUITests.m in Sources */,
			);
			runOnlyForDeploymentPostprocessing = 0;
		};
/* End PBXSourcesBuildPhase section */

/* Begin PBXTargetDependency section */
		337F3E7020E9FE5400C5526A /* PBXTargetDependency */ = {
			isa = PBXTargetDependency;
			target = 337F3E5520E9FE3B00C5526A /* SWTZBMH */;
			targetProxy = 337F3E6F20E9FE5400C5526A /* PBXContainerItemProxy */;
		};
		337F3E7B20E9FE5400C5526A /* PBXTargetDependency */ = {
			isa = PBXTargetDependency;
			target = 337F3E5520E9FE3B00C5526A /* SWTZBMH */;
			targetProxy = 337F3E7A20E9FE5400C5526A /* PBXContainerItemProxy */;
		};
/* End PBXTargetDependency section */

/* Begin PBXVariantGroup section */
		337F3E5F20E9FE3C00C5526A /* Main.storyboard */ = {
			isa = PBXVariantGroup;
			children = (
				337F3E6020E9FE3C00C5526A /* Base */,
			);
			name = Main.storyboard;
			sourceTree = "<group>";
		};
		337F3E6420E9FE5300C5526A /* LaunchScreen.storyboard */ = {
			isa = PBXVariantGroup;
			children = (
				337F3E6520E9FE5300C5526A /* Base */,
			);
			name = LaunchScreen.storyboard;
			sourceTree = "<group>";
		};
/* End PBXVariantGroup section */

/* Begin XCBuildConfiguration section */
		337F3E8020E9FE5400C5526A /* Debug */ = {
			isa = XCBuildConfiguration;
			buildSettings = {
				ALWAYS_SEARCH_USER_PATHS = NO;
				CLANG_ANALYZER_NONNULL = YES;
				CLANG_ANALYZER_NUMBER_OBJECT_CONVERSION = YES_AGGRESSIVE;
				CLANG_CXX_LANGUAGE_STANDARD = "gnu++14";
				CLANG_CXX_LIBRARY = "libc++";
				CLANG_ENABLE_MODULES = YES;
				CLANG_ENABLE_OBJC_ARC = YES;
				CLANG_ENABLE_OBJC_WEAK = YES;
				CLANG_WARN_BLOCK_CAPTURE_AUTORELEASING = YES;
				CLANG_WARN_BOOL_CONVERSION = YES;
				CLANG_WARN_COMMA = YES;
				CLANG_WARN_CONSTANT_CONVERSION = YES;
				CLANG_WARN_DEPRECATED_OBJC_IMPLEMENTATIONS = YES;
				CLANG_WARN_DIRECT_OBJC_ISA_USAGE = YES_ERROR;
				CLANG_WARN_DOCUMENTATION_COMMENTS = YES;
				CLANG_WARN_EMPTY_BODY = YES;
				CLANG_WARN_ENUM_CONVERSION = YES;
				CLANG_WARN_INFINITE_RECURSION = YES;
				CLANG_WARN_INT_CONVERSION = YES;
				CLANG_WARN_NON_LITERAL_NULL_CONVERSION = YES;
				CLANG_WARN_OBJC_IMPLICIT_RETAIN_SELF = YES;
				CLANG_WARN_OBJC_LITERAL_CONVERSION = YES;
				CLANG_WARN_OBJC_ROOT_CLASS = YES_ERROR;
				CLANG_WARN_RANGE_LOOP_ANALYSIS = YES;
				CLANG_WARN_STRICT_PROTOTYPES = YES;
				CLANG_WARN_SUSPICIOUS_MOVE = YES;
				CLANG_WARN_UNGUARDED_AVAILABILITY = YES_AGGRESSIVE;
				CLANG_WARN_UNREACHABLE_CODE = YES;
				CLANG_WARN__DUPLICATE_METHOD_MATCH = YES;
				CODE_SIGN_IDENTITY = "iPhone Developer";
				COPY_PHASE_STRIP = NO;
				DEBUG_INFORMATION_FORMAT = dwarf;
				ENABLE_STRICT_OBJC_MSGSEND = YES;
				ENABLE_TESTABILITY = YES;
				GCC_C_LANGUAGE_STANDARD = gnu11;
				GCC_DYNAMIC_NO_PIC = NO;
				GCC_NO_COMMON_BLOCKS = YES;
				GCC_OPTIMIZATION_LEVEL = 0;
				GCC_PREPROCESSOR_DEFINITIONS = (
					"DEBUG=1",
					"$(inherited)",
				);
				GCC_WARN_64_TO_32_BIT_CONVERSION = YES;
				GCC_WARN_ABOUT_RETURN_TYPE = YES_ERROR;
				GCC_WARN_UNDECLARED_SELECTOR = YES;
				GCC_WARN_UNINITIALIZED_AUTOS = YES_AGGRESSIVE;
				GCC_WARN_UNUSED_FUNCTION = YES;
				GCC_WARN_UNUSED_VARIABLE = YES;
				IPHONEOS_DEPLOYMENT_TARGET = 11.4;
				MTL_ENABLE_DEBUG_INFO = YES;
				ONLY_ACTIVE_ARCH = YES;
				SDKROOT = iphoneos;
			};
			name = Debug;
		};
		337F3E8120E9FE5400C5526A /* Release */ = {
			isa = XCBuildConfiguration;
			buildSettings = {
				ALWAYS_SEARCH_USER_PATHS = NO;
				CLANG_ANALYZER_NONNULL = YES;
				CLANG_ANALYZER_NUMBER_OBJECT_CONVERSION = YES_AGGRESSIVE;
				CLANG_CXX_LANGUAGE_STANDARD = "gnu++14";
				CLANG_CXX_LIBRARY = "libc++";
				CLANG_ENABLE_MODULES = YES;
				CLANG_ENABLE_OBJC_ARC = YES;
				CLANG_ENABLE_OBJC_WEAK = YES;
				CLANG_WARN_BLOCK_CAPTURE_AUTORELEASING = YES;
				CLANG_WARN_BOOL_CONVERSION = YES;
				CLANG_WARN_COMMA = YES;
				CLANG_WARN_CONSTANT_CONVERSION = YES;
				CLANG_WARN_DEPRECATED_OBJC_IMPLEMENTATIONS = YES;
				CLANG_WARN_DIRECT_OBJC_ISA_USAGE = YES_ERROR;
				CLANG_WARN_DOCUMENTATION_COMMENTS = YES;
				CLANG_WARN_EMPTY_BODY = YES;
				CLANG_WARN_ENUM_CONVERSION = YES;
				CLANG_WARN_INFINITE_RECURSION = YES;
				CLANG_WARN_INT_CONVERSION = YES;
				CLANG_WARN_NON_LITERAL_NULL_CONVERSION = YES;
				CLANG_WARN_OBJC_IMPLICIT_RETAIN_SELF = YES;
				CLANG_WARN_OBJC_LITERAL_CONVERSION = YES;
				CLANG_WARN_OBJC_ROOT_CLASS = YES_ERROR;
				CLANG_WARN_RANGE_LOOP_ANALYSIS = YES;
				CLANG_WARN_STRICT_PROTOTYPES = YES;
				CLANG_WARN_SUSPICIOUS_MOVE = YES;
				CLANG_WARN_UNGUARDED_AVAILABILITY = YES_AGGRESSIVE;
				CLANG_WARN_UNREACHABLE_CODE = YES;
				CLANG_WARN__DUPLICATE_METHOD_MATCH = YES;
				CODE_SIGN_IDENTITY = "iPhone Developer";
				COPY_PHASE_STRIP = NO;
				DEBUG_INFORMATION_FORMAT = "dwarf-with-dsym";
				ENABLE_NS_ASSERTIONS = NO;
				ENABLE_STRICT_OBJC_MSGSEND = YES;
				GCC_C_LANGUAGE_STANDARD = gnu11;
				GCC_NO_COMMON_BLOCKS = YES;
				GCC_WARN_64_TO_32_BIT_CONVERSION = YES;
				GCC_WARN_ABOUT_RETURN_TYPE = YES_ERROR;
				GCC_WARN_UNDECLARED_SELECTOR = YES;
				GCC_WARN_UNINITIALIZED_AUTOS = YES_AGGRESSIVE;
				GCC_WARN_UNUSED_FUNCTION = YES;
				GCC_WARN_UNUSED_VARIABLE = YES;
				IPHONEOS_DEPLOYMENT_TARGET = 11.4;
				MTL_ENABLE_DEBUG_INFO = NO;
				SDKROOT = iphoneos;
				VALIDATE_PRODUCT = YES;
			};
			name = Release;
		};
		337F3E8320E9FE5400C5526A /* Debug */ = {
			isa = XCBuildConfiguration;
			baseConfigurationReference = C0333005ECB5A67F63F21483 /* Pods-SWTZBMH.debug.xcconfig */;
			buildSettings = {
				ASSETCATALOG_COMPILER_APPICON_NAME = AppIcon;
				CODE_SIGN_STYLE = Manual;
				DEVELOPMENT_TEAM = FH4A5PV769;
				FRAMEWORK_SEARCH_PATHS = (
					"$(inherited)",
					"$(PROJECT_DIR)/SWTZBMH/3rd",
				);
				GCC_PREFIX_HEADER = SWTZBMH/Header.pch;
				INFOPLIST_FILE = SWTZBMH/Info.plist;
				IPHONEOS_DEPLOYMENT_TARGET = 9.0;
				LD_RUNPATH_SEARCH_PATHS = (
					"$(inherited)",
					"@executable_path/Frameworks",
				);
				LIBRARY_SEARCH_PATHS = (
					"$(inherited)",
					"$(PROJECT_DIR)/SWTZBMH/3rd/BaiduNavi_iOSSDK_v2.0.7_Lib",
					"$(PROJECT_DIR)/SWTZBMH/3rd",
					"$(PROJECT_DIR)/SWTZBMH/3rd/UMessage_Sdk_1.3.0",
				);
				PRODUCT_BUNDLE_IDENTIFIER = com.zk.SWTZBMH;
				PRODUCT_NAME = "$(TARGET_NAME)";
				PROVISIONING_PROFILE = "3bdcf4b3-e396-4d7a-ab2b-739f2269ddaa";
				PROVISIONING_PROFILE_SPECIFIER = comDevPro;
				TARGETED_DEVICE_FAMILY = "1,2";
			};
			name = Debug;
		};
		337F3E8420E9FE5400C5526A /* Release */ = {
			isa = XCBuildConfiguration;
			baseConfigurationReference = 93517C6A5478579AE5177242 /* Pods-SWTZBMH.release.xcconfig */;
			buildSettings = {
				ASSETCATALOG_COMPILER_APPICON_NAME = AppIcon;
				CODE_SIGN_STYLE = Manual;
				DEVELOPMENT_TEAM = "";
				FRAMEWORK_SEARCH_PATHS = (
					"$(inherited)",
					"$(PROJECT_DIR)/SWTZBMH/3rd",
				);
				GCC_PREFIX_HEADER = SWTZBMH/Header.pch;
				INFOPLIST_FILE = SWTZBMH/Info.plist;
				IPHONEOS_DEPLOYMENT_TARGET = 9.0;
				LD_RUNPATH_SEARCH_PATHS = (
					"$(inherited)",
					"@executable_path/Frameworks",
				);
				LIBRARY_SEARCH_PATHS = (
					"$(inherited)",
					"$(PROJECT_DIR)/SWTZBMH/3rd/BaiduNavi_iOSSDK_v2.0.7_Lib",
					"$(PROJECT_DIR)/SWTZBMH/3rd",
					"$(PROJECT_DIR)/SWTZBMH/3rd/UMessage_Sdk_1.3.0",
				);
				PRODUCT_BUNDLE_IDENTIFIER = com.zk.SWTZBMH;
				PRODUCT_NAME = "$(TARGET_NAME)";
				PROVISIONING_PROFILE_SPECIFIER = "";
				TARGETED_DEVICE_FAMILY = "1,2";
			};
			name = Release;
		};
		337F3E8620E9FE5400C5526A /* Debug */ = {
			isa = XCBuildConfiguration;
			buildSettings = {
				BUNDLE_LOADER = "$(TEST_HOST)";
				CODE_SIGN_STYLE = Automatic;
				INFOPLIST_FILE = SWTZBMHTests/Info.plist;
				LD_RUNPATH_SEARCH_PATHS = (
					"$(inherited)",
					"@executable_path/Frameworks",
					"@loader_path/Frameworks",
				);
				PRODUCT_BUNDLE_IDENTIFIER = com.zk.SWTZBMHTests;
				PRODUCT_NAME = "$(TARGET_NAME)";
				TARGETED_DEVICE_FAMILY = "1,2";
				TEST_HOST = "$(BUILT_PRODUCTS_DIR)/SWTZBMH.app/SWTZBMH";
			};
			name = Debug;
		};
		337F3E8720E9FE5400C5526A /* Release */ = {
			isa = XCBuildConfiguration;
			buildSettings = {
				BUNDLE_LOADER = "$(TEST_HOST)";
				CODE_SIGN_STYLE = Automatic;
				INFOPLIST_FILE = SWTZBMHTests/Info.plist;
				LD_RUNPATH_SEARCH_PATHS = (
					"$(inherited)",
					"@executable_path/Frameworks",
					"@loader_path/Frameworks",
				);
				PRODUCT_BUNDLE_IDENTIFIER = com.zk.SWTZBMHTests;
				PRODUCT_NAME = "$(TARGET_NAME)";
				TARGETED_DEVICE_FAMILY = "1,2";
				TEST_HOST = "$(BUILT_PRODUCTS_DIR)/SWTZBMH.app/SWTZBMH";
			};
			name = Release;
		};
		337F3E8920E9FE5400C5526A /* Debug */ = {
			isa = XCBuildConfiguration;
			buildSettings = {
				CODE_SIGN_STYLE = Automatic;
				INFOPLIST_FILE = SWTZBMHUITests/Info.plist;
				LD_RUNPATH_SEARCH_PATHS = (
					"$(inherited)",
					"@executable_path/Frameworks",
					"@loader_path/Frameworks",
				);
				PRODUCT_BUNDLE_IDENTIFIER = com.zk.SWTZBMHUITests;
				PRODUCT_NAME = "$(TARGET_NAME)";
				TARGETED_DEVICE_FAMILY = "1,2";
				TEST_TARGET_NAME = SWTZBMH;
			};
			name = Debug;
		};
		337F3E8A20E9FE5400C5526A /* Release */ = {
			isa = XCBuildConfiguration;
			buildSettings = {
				CODE_SIGN_STYLE = Automatic;
				INFOPLIST_FILE = SWTZBMHUITests/Info.plist;
				LD_RUNPATH_SEARCH_PATHS = (
					"$(inherited)",
					"@executable_path/Frameworks",
					"@loader_path/Frameworks",
				);
				PRODUCT_BUNDLE_IDENTIFIER = com.zk.SWTZBMHUITests;
				PRODUCT_NAME = "$(TARGET_NAME)";
				TARGETED_DEVICE_FAMILY = "1,2";
				TEST_TARGET_NAME = SWTZBMH;
			};
			name = Release;
		};
/* End XCBuildConfiguration section */

/* Begin XCConfigurationList section */
		337F3E5120E9FE3B00C5526A /* Build configuration list for PBXProject "SWTZBMH" */ = {
			isa = XCConfigurationList;
			buildConfigurations = (
				337F3E8020E9FE5400C5526A /* Debug */,
				337F3E8120E9FE5400C5526A /* Release */,
			);
			defaultConfigurationIsVisible = 0;
			defaultConfigurationName = Release;
		};
		337F3E8220E9FE5400C5526A /* Build configuration list for PBXNativeTarget "SWTZBMH" */ = {
			isa = XCConfigurationList;
			buildConfigurations = (
				337F3E8320E9FE5400C5526A /* Debug */,
				337F3E8420E9FE5400C5526A /* Release */,
			);
			defaultConfigurationIsVisible = 0;
			defaultConfigurationName = Release;
		};
		337F3E8520E9FE5400C5526A /* Build configuration list for PBXNativeTarget "SWTZBMHTests" */ = {
			isa = XCConfigurationList;
			buildConfigurations = (
				337F3E8620E9FE5400C5526A /* Debug */,
				337F3E8720E9FE5400C5526A /* Release */,
			);
			defaultConfigurationIsVisible = 0;
			defaultConfigurationName = Release;
		};
		337F3E8820E9FE5400C5526A /* Build configuration list for PBXNativeTarget "SWTZBMHUITests" */ = {
			isa = XCConfigurationList;
			buildConfigurations = (
				337F3E8920E9FE5400C5526A /* Debug */,
				337F3E8A20E9FE5400C5526A /* Release */,
			);
			defaultConfigurationIsVisible = 0;
			defaultConfigurationName = Release;
		};
/* End XCConfigurationList section */
	};
	rootObject = 337F3E4E20E9FE3B00C5526A /* Project object */;
}
